Microsoft Visual Studio Solution File, Format Version 12.00
# Visual Studio 14
Project("{8BC9CEB8-8B4A-11D0-8D11-00A0C91BC942}") = "ALL_BUILD", "ALL_BUILD.vcxproj", "{111FDD20-FD91-384E-AEAD-7D4AEFB88F21}"
	ProjectSection(ProjectDependencies) = postProject
		{D0A64283-0207-3DEB-8151-ECBACF4E2DD1} = {D0A64283-0207-3DEB-8151-ECBACF4E2DD1}
		{D827D77F-A3F6-3B0D-AEA3-198885527A48} = {D827D77F-A3F6-3B0D-AEA3-198885527A48}
		{1F71EA7B-74C4-3D07-AAC7-85BFFCAB824C} = {1F71EA7B-74C4-3D07-AAC7-85BFFCAB824C}
		{CF83ECDD-A1DE-3DDE-A35C-23B6985C8E7F} = {CF83ECDD-A1DE-3DDE-A35C-23B6985C8E7F}
		{246C1819-29AF-3611-9477-31C4EF0FB222} = {246C1819-29AF-3611-9477-31C4EF0FB222}
		{04D7D508-D31D-3C4A-88DD-7570056BBEA8} = {04D7D508-D31D-3C4A-88DD-7570056BBEA8}
		{40EE85B1-68CB-3496-9D99-7594D1D8786C} = {40EE85B1-68CB-3496-9D99-7594D1D8786C}
		{863B742D-92F5-3BCA-8862-9538BA35BF0A} = {863B742D-92F5-3BCA-8862-9538BA35BF0A}
		{B0354BF9-7325-3047-B4AF-A6CB2D9B7E69} = {B0354BF9-7325-3047-B4AF-A6CB2D9B7E69}
		{ED1D9274-1B39-30F5-B826-C17AD961C950} = {ED1D9274-1B39-30F5-B826-C17AD961C950}
		{840E4188-8E01-3FCD-B62D-6930C5497801} = {840E4188-8E01-3FCD-B62D-6930C5497801}
		{2219F058-C341-3F8D-82B8-B279A842490C} = {2219F058-C341-3F8D-82B8-B279A842490C}
		{A141F60B-AB04-3783-BF86-DF3B432B445F} = {A141F60B-AB04-3783-BF86-DF3B432B445F}
		{DAC02361-3A0D-3656-8E49-9C779594F6E5} = {DAC02361-3A0D-3656-8E49-9C779594F6E5}
		{B1BDB0EF-F74B-30E8-BB13-3D9A8D2726A6} = {B1BDB0EF-F74B-30E8-BB13-3D9A8D2726A6}
		{A9FC2E1D-97C5-3540-9084-10747C99F65A} = {A9FC2E1D-97C5-3540-9084-10747C99F65A}
		{1F3E9AA1-D4BD-36C7-A5BE-9FDA96FF1B17} = {1F3E9AA1-D4BD-36C7-A5BE-9FDA96FF1B17}
		{0BEC7924-1622-37E6-B0BA-764B43C39C34} = {0BEC7924-1622-37E6-B0BA-764B43C39C34}
		{D5B29165-EC31-30BD-A71A-B08FD1DD7E99} = {D5B29165-EC31-30BD-A71A-B08FD1DD7E99}
		{67059860-51D3-37F9-BA28-BDDBE85D0A42} = {67059860-51D3-37F9-BA28-BDDBE85D0A42}
		{31509BD8-8955-39D8-8A92-5ACFD56B8319} = {31509BD8-8955-39D8-8A92-5ACFD56B8319}
		{339687B3-18C9-328E-85AC-A21C9D2F3DCB} = {339687B3-18C9-328E-85AC-A21C9D2F3DCB}
		{1633C229-56F9-360D-BE81-B4145B7AEEF5} = {1633C229-56F9-360D-BE81-B4145B7AEEF5}
		{3122C023-965E-370E-BD36-1CFB434CE35C} = {3122C023-965E-370E-BD36-1CFB434CE35C}
		{4BA9F318-E73A-37E9-A0B5-9EF90CDBCE9C} = {4BA9F318-E73A-37E9-A0B5-9EF90CDBCE9C}
		{F8F71CB2-4869-310C-9EF6-254BA8D56F0D} = {F8F71CB2-4869-310C-9EF6-254BA8D56F0D}
		{7292C604-7439-3F78-B34F-6DE94D09445C} = {7292C604-7439-3F78-B34F-6DE94D09445C}
		{B95902F0-3849-3C4D-B964-DA895FDC4089} = {B95902F0-3849-3C4D-B964-DA895FDC4089}
		{906C18BC-4CBC-3AF1-A5A9-E94C2F39A060} = {906C18BC-4CBC-3AF1-A5A9-E94C2F39A060}
		{D5A20478-0948-3E29-89C4-5B5D267FF5EC} = {D5A20478-0948-3E29-89C4-5B5D267FF5EC}
		{823E8166-43A1-3874-B0D3-B1249A414E8E} = {823E8166-43A1-3874-B0D3-B1249A414E8E}
		{DDA06E93-7AE1-342D-B6E7-6C4D0B3AE80C} = {DDA06E93-7AE1-342D-B6E7-6C4D0B3AE80C}
		{2773BFD3-04F0-3EE3-983B-E7B1FF50DF31} = {2773BFD3-04F0-3EE3-983B-E7B1FF50DF31}
		{8662BB18-6183-3F10-B56C-4C661A11E5FA} = {8662BB18-6183-3F10-B56C-4C661A11E5FA}
		{603DD0BC-8FA5-397B-AD21-CF13B78DF211} = {603DD0BC-8FA5-397B-AD21-CF13B78DF211}
		{5D2C096A-8E1D-37B0-BAFA-48A22EF447E6} = {5D2C096A-8E1D-37B0-BAFA-48A22EF447E6}
		{2DE4CCC8-E68A-3E33-A23A-4B39C757F97D} = {2DE4CCC8-E68A-3E33-A23A-4B39C757F97D}
	EndProjectSection
EndProject
Project("{8BC9CEB8-8B4A-11D0-8D11-00A0C91BC942}") = "SLPlugin", "llplugin\slplugin\SLPlugin.vcxproj", "{D0A64283-0207-3DEB-8151-ECBACF4E2DD1}"
	ProjectSection(ProjectDependencies) = postProject
		{D827D77F-A3F6-3B0D-AEA3-198885527A48} = {D827D77F-A3F6-3B0D-AEA3-198885527A48}
		{1F71EA7B-74C4-3D07-AAC7-85BFFCAB824C} = {1F71EA7B-74C4-3D07-AAC7-85BFFCAB824C}
		{B1BDB0EF-F74B-30E8-BB13-3D9A8D2726A6} = {B1BDB0EF-F74B-30E8-BB13-3D9A8D2726A6}
		{67059860-51D3-37F9-BA28-BDDBE85D0A42} = {67059860-51D3-37F9-BA28-BDDBE85D0A42}
		{31509BD8-8955-39D8-8A92-5ACFD56B8319} = {31509BD8-8955-39D8-8A92-5ACFD56B8319}
	EndProjectSection
EndProject
Project("{8BC9CEB8-8B4A-11D0-8D11-00A0C91BC942}") = "ZERO_CHECK", "ZERO_CHECK.vcxproj", "{D827D77F-A3F6-3B0D-AEA3-198885527A48}"
	ProjectSection(ProjectDependencies) = postProject
	EndProjectSection
EndProject
Project("{8BC9CEB8-8B4A-11D0-8D11-00A0C91BC942}") = "aistatemachine", "aistatemachine\aistatemachine.vcxproj", "{1F71EA7B-74C4-3D07-AAC7-85BFFCAB824C}"
	ProjectSection(ProjectDependencies) = postProject
		{D827D77F-A3F6-3B0D-AEA3-198885527A48} = {D827D77F-A3F6-3B0D-AEA3-198885527A48}
	EndProjectSection
EndProject
Project("{8BC9CEB8-8B4A-11D0-8D11-00A0C91BC942}") = "basic_plugin_base", "plugins\base_basic\basic_plugin_base.vcxproj", "{CF83ECDD-A1DE-3DDE-A35C-23B6985C8E7F}"
	ProjectSection(ProjectDependencies) = postProject
		{D827D77F-A3F6-3B0D-AEA3-198885527A48} = {D827D77F-A3F6-3B0D-AEA3-198885527A48}
	EndProjectSection
EndProject
Project("{8BC9CEB8-8B4A-11D0-8D11-00A0C91BC942}") = "basic_plugin_example", "plugins\example_basic\basic_plugin_example.vcxproj", "{246C1819-29AF-3611-9477-31C4EF0FB222}"
	ProjectSection(ProjectDependencies) = postProject
		{D827D77F-A3F6-3B0D-AEA3-198885527A48} = {D827D77F-A3F6-3B0D-AEA3-198885527A48}
		{CF83ECDD-A1DE-3DDE-A35C-23B6985C8E7F} = {CF83ECDD-A1DE-3DDE-A35C-23B6985C8E7F}
		{B1BDB0EF-F74B-30E8-BB13-3D9A8D2726A6} = {B1BDB0EF-F74B-30E8-BB13-3D9A8D2726A6}
		{31509BD8-8955-39D8-8A92-5ACFD56B8319} = {31509BD8-8955-39D8-8A92-5ACFD56B8319}
	EndProjectSection
EndProject
Project("{8BC9CEB8-8B4A-11D0-8D11-00A0C91BC942}") = "basic_plugin_filepicker", "plugins\filepicker\basic_plugin_filepicker.vcxproj", "{04D7D508-D31D-3C4A-88DD-7570056BBEA8}"
	ProjectSection(ProjectDependencies) = postProject
		{D827D77F-A3F6-3B0D-AEA3-198885527A48} = {D827D77F-A3F6-3B0D-AEA3-198885527A48}
		{CF83ECDD-A1DE-3DDE-A35C-23B6985C8E7F} = {CF83ECDD-A1DE-3DDE-A35C-23B6985C8E7F}
		{B1BDB0EF-F74B-30E8-BB13-3D9A8D2726A6} = {B1BDB0EF-F74B-30E8-BB13-3D9A8D2726A6}
		{31509BD8-8955-39D8-8A92-5ACFD56B8319} = {31509BD8-8955-39D8-8A92-5ACFD56B8319}
	EndProjectSection
EndProject
Project("{8BC9CEB8-8B4A-11D0-8D11-00A0C91BC942}") = "cmake", "cmake\cmake.vcxproj", "{40EE85B1-68CB-3496-9D99-7594D1D8786C}"
	ProjectSection(ProjectDependencies) = postProject
		{D827D77F-A3F6-3B0D-AEA3-198885527A48} = {D827D77F-A3F6-3B0D-AEA3-198885527A48}
	EndProjectSection
EndProject
Project("{8BC9CEB8-8B4A-11D0-8D11-00A0C91BC942}") = "copy_w_viewer_manifest", "newview\copy_w_viewer_manifest.vcxproj", "{863B742D-92F5-3BCA-8862-9538BA35BF0A}"
	ProjectSection(ProjectDependencies) = postProject
		{D0A64283-0207-3DEB-8151-ECBACF4E2DD1} = {D0A64283-0207-3DEB-8151-ECBACF4E2DD1}
		{D827D77F-A3F6-3B0D-AEA3-198885527A48} = {D827D77F-A3F6-3B0D-AEA3-198885527A48}
		{ED1D9274-1B39-30F5-B826-C17AD961C950} = {ED1D9274-1B39-30F5-B826-C17AD961C950}
		{906C18BC-4CBC-3AF1-A5A9-E94C2F39A060} = {906C18BC-4CBC-3AF1-A5A9-E94C2F39A060}
		{823E8166-43A1-3874-B0D3-B1249A414E8E} = {823E8166-43A1-3874-B0D3-B1249A414E8E}
		{5D2C096A-8E1D-37B0-BAFA-48A22EF447E6} = {5D2C096A-8E1D-37B0-BAFA-48A22EF447E6}
	EndProjectSection
EndProject
Project("{8BC9CEB8-8B4A-11D0-8D11-00A0C91BC942}") = "copy_win_scripts", "copy_win_scripts\copy_win_scripts.vcxproj", "{B0354BF9-7325-3047-B4AF-A6CB2D9B7E69}"
	ProjectSection(ProjectDependencies) = postProject
		{D827D77F-A3F6-3B0D-AEA3-198885527A48} = {D827D77F-A3F6-3B0D-AEA3-198885527A48}
	EndProjectSection
EndProject
Project("{8BC9CEB8-8B4A-11D0-8D11-00A0C91BC942}") = "generate_viewer_version", "newview\generate_viewer_version.vcxproj", "{ED1D9274-1B39-30F5-B826-C17AD961C950}"
	ProjectSection(ProjectDependencies) = postProject
		{D827D77F-A3F6-3B0D-AEA3-198885527A48} = {D827D77F-A3F6-3B0D-AEA3-198885527A48}
	EndProjectSection
EndProject
Project("{8BC9CEB8-8B4A-11D0-8D11-00A0C91BC942}") = "hacd", "libhacd\hacd.vcxproj", "{840E4188-8E01-3FCD-B62D-6930C5497801}"
	ProjectSection(ProjectDependencies) = postProject
		{D827D77F-A3F6-3B0D-AEA3-198885527A48} = {D827D77F-A3F6-3B0D-AEA3-198885527A48}
	EndProjectSection
EndProject
Project("{8BC9CEB8-8B4A-11D0-8D11-00A0C91BC942}") = "llappearance", "llappearance\llappearance.vcxproj", "{2219F058-C341-3F8D-82B8-B279A842490C}"
	ProjectSection(ProjectDependencies) = postProject
		{D827D77F-A3F6-3B0D-AEA3-198885527A48} = {D827D77F-A3F6-3B0D-AEA3-198885527A48}
		{DAC02361-3A0D-3656-8E49-9C779594F6E5} = {DAC02361-3A0D-3656-8E49-9C779594F6E5}
		{B1BDB0EF-F74B-30E8-BB13-3D9A8D2726A6} = {B1BDB0EF-F74B-30E8-BB13-3D9A8D2726A6}
		{A9FC2E1D-97C5-3540-9084-10747C99F65A} = {A9FC2E1D-97C5-3540-9084-10747C99F65A}
		{0BEC7924-1622-37E6-B0BA-764B43C39C34} = {0BEC7924-1622-37E6-B0BA-764B43C39C34}
		{D5B29165-EC31-30BD-A71A-B08FD1DD7E99} = {D5B29165-EC31-30BD-A71A-B08FD1DD7E99}
		{1633C229-56F9-360D-BE81-B4145B7AEEF5} = {1633C229-56F9-360D-BE81-B4145B7AEEF5}
		{4BA9F318-E73A-37E9-A0B5-9EF90CDBCE9C} = {4BA9F318-E73A-37E9-A0B5-9EF90CDBCE9C}
		{7292C604-7439-3F78-B34F-6DE94D09445C} = {7292C604-7439-3F78-B34F-6DE94D09445C}
	EndProjectSection
EndProject
Project("{8BC9CEB8-8B4A-11D0-8D11-00A0C91BC942}") = "llaudio", "llaudio\llaudio.vcxproj", "{A141F60B-AB04-3783-BF86-DF3B432B445F}"
	ProjectSection(ProjectDependencies) = postProject
		{D827D77F-A3F6-3B0D-AEA3-198885527A48} = {D827D77F-A3F6-3B0D-AEA3-198885527A48}
	EndProjectSection
EndProject
Project("{8BC9CEB8-8B4A-11D0-8D11-00A0C91BC942}") = "llcharacter", "llcharacter\llcharacter.vcxproj", "{DAC02361-3A0D-3656-8E49-9C779594F6E5}"
	ProjectSection(ProjectDependencies) = postProject
		{D827D77F-A3F6-3B0D-AEA3-198885527A48} = {D827D77F-A3F6-3B0D-AEA3-198885527A48}
	EndProjectSection
EndProject
Project("{8BC9CEB8-8B4A-11D0-8D11-00A0C91BC942}") = "llcommon", "llcommon\llcommon.vcxproj", "{B1BDB0EF-F74B-30E8-BB13-3D9A8D2726A6}"
	ProjectSection(ProjectDependencies) = postProject
		{D827D77F-A3F6-3B0D-AEA3-198885527A48} = {D827D77F-A3F6-3B0D-AEA3-198885527A48}
		{5D2C096A-8E1D-37B0-BAFA-48A22EF447E6} = {5D2C096A-8E1D-37B0-BAFA-48A22EF447E6}
	EndProjectSection
EndProject
Project("{8BC9CEB8-8B4A-11D0-8D11-00A0C91BC942}") = "llimage", "llimage\llimage.vcxproj", "{A9FC2E1D-97C5-3540-9084-10747C99F65A}"
	ProjectSection(ProjectDependencies) = postProject
		{D827D77F-A3F6-3B0D-AEA3-198885527A48} = {D827D77F-A3F6-3B0D-AEA3-198885527A48}
	EndProjectSection
EndProject
Project("{8BC9CEB8-8B4A-11D0-8D11-00A0C91BC942}") = "llimagej2coj", "llimagej2coj\llimagej2coj.vcxproj", "{1F3E9AA1-D4BD-36C7-A5BE-9FDA96FF1B17}"
	ProjectSection(ProjectDependencies) = postProject
		{D827D77F-A3F6-3B0D-AEA3-198885527A48} = {D827D77F-A3F6-3B0D-AEA3-198885527A48}
		{8662BB18-6183-3F10-B56C-4C661A11E5FA} = {8662BB18-6183-3F10-B56C-4C661A11E5FA}
	EndProjectSection
EndProject
Project("{8BC9CEB8-8B4A-11D0-8D11-00A0C91BC942}") = "llinventory", "llinventory\llinventory.vcxproj", "{0BEC7924-1622-37E6-B0BA-764B43C39C34}"
	ProjectSection(ProjectDependencies) = postProject
		{D827D77F-A3F6-3B0D-AEA3-198885527A48} = {D827D77F-A3F6-3B0D-AEA3-198885527A48}
	EndProjectSection
EndProject
Project("{8BC9CEB8-8B4A-11D0-8D11-00A0C91BC942}") = "llmath", "llmath\llmath.vcxproj", "{D5B29165-EC31-30BD-A71A-B08FD1DD7E99}"
	ProjectSection(ProjectDependencies) = postProject
		{D827D77F-A3F6-3B0D-AEA3-198885527A48} = {D827D77F-A3F6-3B0D-AEA3-198885527A48}
	EndProjectSection
EndProject
Project("{8BC9CEB8-8B4A-11D0-8D11-00A0C91BC942}") = "llmessage", "llmessage\llmessage.vcxproj", "{67059860-51D3-37F9-BA28-BDDBE85D0A42}"
	ProjectSection(ProjectDependencies) = postProject
		{D827D77F-A3F6-3B0D-AEA3-198885527A48} = {D827D77F-A3F6-3B0D-AEA3-198885527A48}
	EndProjectSection
EndProject
Project("{8BC9CEB8-8B4A-11D0-8D11-00A0C91BC942}") = "llplugin", "llplugin\llplugin.vcxproj", "{31509BD8-8955-39D8-8A92-5ACFD56B8319}"
	ProjectSection(ProjectDependencies) = postProject
		{D827D77F-A3F6-3B0D-AEA3-198885527A48} = {D827D77F-A3F6-3B0D-AEA3-198885527A48}
	EndProjectSection
EndProject
Project("{8BC9CEB8-8B4A-11D0-8D11-00A0C91BC942}") = "llprimitive", "llprimitive\llprimitive.vcxproj", "{339687B3-18C9-328E-85AC-A21C9D2F3DCB}"
	ProjectSection(ProjectDependencies) = postProject
		{D827D77F-A3F6-3B0D-AEA3-198885527A48} = {D827D77F-A3F6-3B0D-AEA3-198885527A48}
	EndProjectSection
EndProject
Project("{8BC9CEB8-8B4A-11D0-8D11-00A0C91BC942}") = "llrender", "llrender\llrender.vcxproj", "{1633C229-56F9-360D-BE81-B4145B7AEEF5}"
	ProjectSection(ProjectDependencies) = postProject
		{D827D77F-A3F6-3B0D-AEA3-198885527A48} = {D827D77F-A3F6-3B0D-AEA3-198885527A48}
	EndProjectSection
EndProject
Project("{8BC9CEB8-8B4A-11D0-8D11-00A0C91BC942}") = "llui", "llui\llui.vcxproj", "{3122C023-965E-370E-BD36-1CFB434CE35C}"
	ProjectSection(ProjectDependencies) = postProject
		{D827D77F-A3F6-3B0D-AEA3-198885527A48} = {D827D77F-A3F6-3B0D-AEA3-198885527A48}
		{B1BDB0EF-F74B-30E8-BB13-3D9A8D2726A6} = {B1BDB0EF-F74B-30E8-BB13-3D9A8D2726A6}
		{A9FC2E1D-97C5-3540-9084-10747C99F65A} = {A9FC2E1D-97C5-3540-9084-10747C99F65A}
		{D5B29165-EC31-30BD-A71A-B08FD1DD7E99} = {D5B29165-EC31-30BD-A71A-B08FD1DD7E99}
		{1633C229-56F9-360D-BE81-B4145B7AEEF5} = {1633C229-56F9-360D-BE81-B4145B7AEEF5}
		{4BA9F318-E73A-37E9-A0B5-9EF90CDBCE9C} = {4BA9F318-E73A-37E9-A0B5-9EF90CDBCE9C}
		{F8F71CB2-4869-310C-9EF6-254BA8D56F0D} = {F8F71CB2-4869-310C-9EF6-254BA8D56F0D}
		{7292C604-7439-3F78-B34F-6DE94D09445C} = {7292C604-7439-3F78-B34F-6DE94D09445C}
	EndProjectSection
EndProject
Project("{8BC9CEB8-8B4A-11D0-8D11-00A0C91BC942}") = "llvfs", "llvfs\llvfs.vcxproj", "{4BA9F318-E73A-37E9-A0B5-9EF90CDBCE9C}"
	ProjectSection(ProjectDependencies) = postProject
		{D827D77F-A3F6-3B0D-AEA3-198885527A48} = {D827D77F-A3F6-3B0D-AEA3-198885527A48}
	EndProjectSection
EndProject
Project("{8BC9CEB8-8B4A-11D0-8D11-00A0C91BC942}") = "llwindow", "llwindow\llwindow.vcxproj", "{F8F71CB2-4869-310C-9EF6-254BA8D56F0D}"
	ProjectSection(ProjectDependencies) = postProject
		{D827D77F-A3F6-3B0D-AEA3-198885527A48} = {D827D77F-A3F6-3B0D-AEA3-198885527A48}
	EndProjectSection
EndProject
Project("{8BC9CEB8-8B4A-11D0-8D11-00A0C91BC942}") = "llxml", "llxml\llxml.vcxproj", "{7292C604-7439-3F78-B34F-6DE94D09445C}"
	ProjectSection(ProjectDependencies) = postProject
		{D827D77F-A3F6-3B0D-AEA3-198885527A48} = {D827D77F-A3F6-3B0D-AEA3-198885527A48}
	EndProjectSection
EndProject
Project("{8BC9CEB8-8B4A-11D0-8D11-00A0C91BC942}") = "media_plugin_base", "plugins\base_media\media_plugin_base.vcxproj", "{B95902F0-3849-3C4D-B964-DA895FDC4089}"
	ProjectSection(ProjectDependencies) = postProject
		{D827D77F-A3F6-3B0D-AEA3-198885527A48} = {D827D77F-A3F6-3B0D-AEA3-198885527A48}
		{CF83ECDD-A1DE-3DDE-A35C-23B6985C8E7F} = {CF83ECDD-A1DE-3DDE-A35C-23B6985C8E7F}
	EndProjectSection
EndProject
Project("{8BC9CEB8-8B4A-11D0-8D11-00A0C91BC942}") = "media_plugin_cef", "plugins\cef\media_plugin_cef.vcxproj", "{906C18BC-4CBC-3AF1-A5A9-E94C2F39A060}"
	ProjectSection(ProjectDependencies) = postProject
		{D827D77F-A3F6-3B0D-AEA3-198885527A48} = {D827D77F-A3F6-3B0D-AEA3-198885527A48}
		{CF83ECDD-A1DE-3DDE-A35C-23B6985C8E7F} = {CF83ECDD-A1DE-3DDE-A35C-23B6985C8E7F}
		{B1BDB0EF-F74B-30E8-BB13-3D9A8D2726A6} = {B1BDB0EF-F74B-30E8-BB13-3D9A8D2726A6}
		{31509BD8-8955-39D8-8A92-5ACFD56B8319} = {31509BD8-8955-39D8-8A92-5ACFD56B8319}
		{B95902F0-3849-3C4D-B964-DA895FDC4089} = {B95902F0-3849-3C4D-B964-DA895FDC4089}
	EndProjectSection
EndProject
Project("{8BC9CEB8-8B4A-11D0-8D11-00A0C91BC942}") = "media_plugin_example", "plugins\example_media\media_plugin_example.vcxproj", "{D5A20478-0948-3E29-89C4-5B5D267FF5EC}"
	ProjectSection(ProjectDependencies) = postProject
		{D827D77F-A3F6-3B0D-AEA3-198885527A48} = {D827D77F-A3F6-3B0D-AEA3-198885527A48}
		{CF83ECDD-A1DE-3DDE-A35C-23B6985C8E7F} = {CF83ECDD-A1DE-3DDE-A35C-23B6985C8E7F}
		{B1BDB0EF-F74B-30E8-BB13-3D9A8D2726A6} = {B1BDB0EF-F74B-30E8-BB13-3D9A8D2726A6}
		{31509BD8-8955-39D8-8A92-5ACFD56B8319} = {31509BD8-8955-39D8-8A92-5ACFD56B8319}
		{B95902F0-3849-3C4D-B964-DA895FDC4089} = {B95902F0-3849-3C4D-B964-DA895FDC4089}
	EndProjectSection
EndProject
Project("{8BC9CEB8-8B4A-11D0-8D11-00A0C91BC942}") = "media_plugin_quicktime", "plugins\quicktime\media_plugin_quicktime.vcxproj", "{823E8166-43A1-3874-B0D3-B1249A414E8E}"
	ProjectSection(ProjectDependencies) = postProject
		{D827D77F-A3F6-3B0D-AEA3-198885527A48} = {D827D77F-A3F6-3B0D-AEA3-198885527A48}
		{CF83ECDD-A1DE-3DDE-A35C-23B6985C8E7F} = {CF83ECDD-A1DE-3DDE-A35C-23B6985C8E7F}
		{B1BDB0EF-F74B-30E8-BB13-3D9A8D2726A6} = {B1BDB0EF-F74B-30E8-BB13-3D9A8D2726A6}
		{31509BD8-8955-39D8-8A92-5ACFD56B8319} = {31509BD8-8955-39D8-8A92-5ACFD56B8319}
		{B95902F0-3849-3C4D-B964-DA895FDC4089} = {B95902F0-3849-3C4D-B964-DA895FDC4089}
	EndProjectSection
EndProject
Project("{8BC9CEB8-8B4A-11D0-8D11-00A0C91BC942}") = "nd_Pathing", "libpathing\nd_Pathing.vcxproj", "{DDA06E93-7AE1-342D-B6E7-6C4D0B3AE80C}"
	ProjectSection(ProjectDependencies) = postProject
		{D827D77F-A3F6-3B0D-AEA3-198885527A48} = {D827D77F-A3F6-3B0D-AEA3-198885527A48}
	EndProjectSection
EndProject
Project("{8BC9CEB8-8B4A-11D0-8D11-00A0C91BC942}") = "nd_hacdConvexDecomposition", "libndhacd\nd_hacdConvexDecomposition.vcxproj", "{2773BFD3-04F0-3EE3-983B-E7B1FF50DF31}"
	ProjectSection(ProjectDependencies) = postProject
		{D827D77F-A3F6-3B0D-AEA3-198885527A48} = {D827D77F-A3F6-3B0D-AEA3-198885527A48}
	EndProjectSection
EndProject
Project("{8BC9CEB8-8B4A-11D0-8D11-00A0C91BC942}") = "openjpeg", "libopenjpeg\openjpeg.vcxproj", "{8662BB18-6183-3F10-B56C-4C661A11E5FA}"
	ProjectSection(ProjectDependencies) = postProject
		{D827D77F-A3F6-3B0D-AEA3-198885527A48} = {D827D77F-A3F6-3B0D-AEA3-198885527A48}
	EndProjectSection
EndProject
Project("{8BC9CEB8-8B4A-11D0-8D11-00A0C91BC942}") = "singularity-bin", "newview\singularity-bin.vcxproj", "{603DD0BC-8FA5-397B-AD21-CF13B78DF211}"
	ProjectSection(ProjectDependencies) = postProject
		{D0A64283-0207-3DEB-8151-ECBACF4E2DD1} = {D0A64283-0207-3DEB-8151-ECBACF4E2DD1}
		{D827D77F-A3F6-3B0D-AEA3-198885527A48} = {D827D77F-A3F6-3B0D-AEA3-198885527A48}
		{1F71EA7B-74C4-3D07-AAC7-85BFFCAB824C} = {1F71EA7B-74C4-3D07-AAC7-85BFFCAB824C}
		{863B742D-92F5-3BCA-8862-9538BA35BF0A} = {863B742D-92F5-3BCA-8862-9538BA35BF0A}
		{B0354BF9-7325-3047-B4AF-A6CB2D9B7E69} = {B0354BF9-7325-3047-B4AF-A6CB2D9B7E69}
		{ED1D9274-1B39-30F5-B826-C17AD961C950} = {ED1D9274-1B39-30F5-B826-C17AD961C950}
		{840E4188-8E01-3FCD-B62D-6930C5497801} = {840E4188-8E01-3FCD-B62D-6930C5497801}
		{2219F058-C341-3F8D-82B8-B279A842490C} = {2219F058-C341-3F8D-82B8-B279A842490C}
		{A141F60B-AB04-3783-BF86-DF3B432B445F} = {A141F60B-AB04-3783-BF86-DF3B432B445F}
		{DAC02361-3A0D-3656-8E49-9C779594F6E5} = {DAC02361-3A0D-3656-8E49-9C779594F6E5}
		{B1BDB0EF-F74B-30E8-BB13-3D9A8D2726A6} = {B1BDB0EF-F74B-30E8-BB13-3D9A8D2726A6}
		{A9FC2E1D-97C5-3540-9084-10747C99F65A} = {A9FC2E1D-97C5-3540-9084-10747C99F65A}
		{1F3E9AA1-D4BD-36C7-A5BE-9FDA96FF1B17} = {1F3E9AA1-D4BD-36C7-A5BE-9FDA96FF1B17}
		{0BEC7924-1622-37E6-B0BA-764B43C39C34} = {0BEC7924-1622-37E6-B0BA-764B43C39C34}
		{D5B29165-EC31-30BD-A71A-B08FD1DD7E99} = {D5B29165-EC31-30BD-A71A-B08FD1DD7E99}
		{67059860-51D3-37F9-BA28-BDDBE85D0A42} = {67059860-51D3-37F9-BA28-BDDBE85D0A42}
		{31509BD8-8955-39D8-8A92-5ACFD56B8319} = {31509BD8-8955-39D8-8A92-5ACFD56B8319}
		{339687B3-18C9-328E-85AC-A21C9D2F3DCB} = {339687B3-18C9-328E-85AC-A21C9D2F3DCB}
		{1633C229-56F9-360D-BE81-B4145B7AEEF5} = {1633C229-56F9-360D-BE81-B4145B7AEEF5}
		{3122C023-965E-370E-BD36-1CFB434CE35C} = {3122C023-965E-370E-BD36-1CFB434CE35C}
		{4BA9F318-E73A-37E9-A0B5-9EF90CDBCE9C} = {4BA9F318-E73A-37E9-A0B5-9EF90CDBCE9C}
		{F8F71CB2-4869-310C-9EF6-254BA8D56F0D} = {F8F71CB2-4869-310C-9EF6-254BA8D56F0D}
		{7292C604-7439-3F78-B34F-6DE94D09445C} = {7292C604-7439-3F78-B34F-6DE94D09445C}
		{DDA06E93-7AE1-342D-B6E7-6C4D0B3AE80C} = {DDA06E93-7AE1-342D-B6E7-6C4D0B3AE80C}
		{2773BFD3-04F0-3EE3-983B-E7B1FF50DF31} = {2773BFD3-04F0-3EE3-983B-E7B1FF50DF31}
		{8662BB18-6183-3F10-B56C-4C661A11E5FA} = {8662BB18-6183-3F10-B56C-4C661A11E5FA}
		{5D2C096A-8E1D-37B0-BAFA-48A22EF447E6} = {5D2C096A-8E1D-37B0-BAFA-48A22EF447E6}
		{2DE4CCC8-E68A-3E33-A23A-4B39C757F97D} = {2DE4CCC8-E68A-3E33-A23A-4B39C757F97D}
	EndProjectSection
EndProject
Project("{8BC9CEB8-8B4A-11D0-8D11-00A0C91BC942}") = "stage_third_party_libs", "llcommon\stage_third_party_libs.vcxproj", "{5D2C096A-8E1D-37B0-BAFA-48A22EF447E6}"
	ProjectSection(ProjectDependencies) = postProject
		{D827D77F-A3F6-3B0D-AEA3-198885527A48} = {D827D77F-A3F6-3B0D-AEA3-198885527A48}
	EndProjectSection
EndProject
Project("{8BC9CEB8-8B4A-11D0-8D11-00A0C91BC942}") = "statemachine", "newview\statemachine\statemachine.vcxproj", "{2DE4CCC8-E68A-3E33-A23A-4B39C757F97D}"
	ProjectSection(ProjectDependencies) = postProject
		{D827D77F-A3F6-3B0D-AEA3-198885527A48} = {D827D77F-A3F6-3B0D-AEA3-198885527A48}
	EndProjectSection
EndProject
Project("{8BC9CEB8-8B4A-11D0-8D11-00A0C91BC942}") = "viewer", "viewer.vcxproj", "{14CB10E3-C5FA-3C5D-AC54-2E55F075C4C9}"
	ProjectSection(ProjectDependencies) = postProject
		{D827D77F-A3F6-3B0D-AEA3-198885527A48} = {D827D77F-A3F6-3B0D-AEA3-198885527A48}
		{603DD0BC-8FA5-397B-AD21-CF13B78DF211} = {603DD0BC-8FA5-397B-AD21-CF13B78DF211}
	EndProjectSection
EndProject
Global
	GlobalSection(SolutionConfigurationPlatforms) = preSolution
		RelWithDebInfo|Win32 = RelWithDebInfo|Win32
		Release|Win32 = Release|Win32
		Debug|Win32 = Debug|Win32
	EndGlobalSection
	GlobalSection(ProjectConfigurationPlatforms) = postSolution
		{111FDD20-FD91-384E-AEAD-7D4AEFB88F21}.RelWithDebInfo|Win32.ActiveCfg = RelWithDebInfo|Win32
		{111FDD20-FD91-384E-AEAD-7D4AEFB88F21}.Release|Win32.ActiveCfg = Release|Win32
		{111FDD20-FD91-384E-AEAD-7D4AEFB88F21}.Debug|Win32.ActiveCfg = Debug|Win32
		{D0A64283-0207-3DEB-8151-ECBACF4E2DD1}.RelWithDebInfo|Win32.ActiveCfg = RelWithDebInfo|Win32
		{D0A64283-0207-3DEB-8151-ECBACF4E2DD1}.RelWithDebInfo|Win32.Build.0 = RelWithDebInfo|Win32
		{D0A64283-0207-3DEB-8151-ECBACF4E2DD1}.Release|Win32.ActiveCfg = Release|Win32
		{D0A64283-0207-3DEB-8151-ECBACF4E2DD1}.Release|Win32.Build.0 = Release|Win32
		{D0A64283-0207-3DEB-8151-ECBACF4E2DD1}.Debug|Win32.ActiveCfg = Debug|Win32
		{D0A64283-0207-3DEB-8151-ECBACF4E2DD1}.Debug|Win32.Build.0 = Debug|Win32
		{D827D77F-A3F6-3B0D-AEA3-198885527A48}.RelWithDebInfo|Win32.ActiveCfg = RelWithDebInfo|Win32
		{D827D77F-A3F6-3B0D-AEA3-198885527A48}.RelWithDebInfo|Win32.Build.0 = RelWithDebInfo|Win32
		{D827D77F-A3F6-3B0D-AEA3-198885527A48}.Release|Win32.ActiveCfg = Release|Win32
		{D827D77F-A3F6-3B0D-AEA3-198885527A48}.Release|Win32.Build.0 = Release|Win32
		{D827D77F-A3F6-3B0D-AEA3-198885527A48}.Debug|Win32.ActiveCfg = Debug|Win32
		{D827D77F-A3F6-3B0D-AEA3-198885527A48}.Debug|Win32.Build.0 = Debug|Win32
		{1F71EA7B-74C4-3D07-AAC7-85BFFCAB824C}.RelWithDebInfo|Win32.ActiveCfg = RelWithDebInfo|Win32
		{1F71EA7B-74C4-3D07-AAC7-85BFFCAB824C}.RelWithDebInfo|Win32.Build.0 = RelWithDebInfo|Win32
		{1F71EA7B-74C4-3D07-AAC7-85BFFCAB824C}.Release|Win32.ActiveCfg = Release|Win32
		{1F71EA7B-74C4-3D07-AAC7-85BFFCAB824C}.Release|Win32.Build.0 = Release|Win32
		{1F71EA7B-74C4-3D07-AAC7-85BFFCAB824C}.Debug|Win32.ActiveCfg = Debug|Win32
		{1F71EA7B-74C4-3D07-AAC7-85BFFCAB824C}.Debug|Win32.Build.0 = Debug|Win32
		{CF83ECDD-A1DE-3DDE-A35C-23B6985C8E7F}.RelWithDebInfo|Win32.ActiveCfg = RelWithDebInfo|Win32
		{CF83ECDD-A1DE-3DDE-A35C-23B6985C8E7F}.RelWithDebInfo|Win32.Build.0 = RelWithDebInfo|Win32
		{CF83ECDD-A1DE-3DDE-A35C-23B6985C8E7F}.Release|Win32.ActiveCfg = Release|Win32
		{CF83ECDD-A1DE-3DDE-A35C-23B6985C8E7F}.Release|Win32.Build.0 = Release|Win32
		{CF83ECDD-A1DE-3DDE-A35C-23B6985C8E7F}.Debug|Win32.ActiveCfg = Debug|Win32
		{CF83ECDD-A1DE-3DDE-A35C-23B6985C8E7F}.Debug|Win32.Build.0 = Debug|Win32
		{246C1819-29AF-3611-9477-31C4EF0FB222}.RelWithDebInfo|Win32.ActiveCfg = RelWithDebInfo|Win32
		{246C1819-29AF-3611-9477-31C4EF0FB222}.RelWithDebInfo|Win32.Build.0 = RelWithDebInfo|Win32
		{246C1819-29AF-3611-9477-31C4EF0FB222}.Release|Win32.ActiveCfg = Release|Win32
		{246C1819-29AF-3611-9477-31C4EF0FB222}.Release|Win32.Build.0 = Release|Win32
		{246C1819-29AF-3611-9477-31C4EF0FB222}.Debug|Win32.ActiveCfg = Debug|Win32
		{246C1819-29AF-3611-9477-31C4EF0FB222}.Debug|Win32.Build.0 = Debug|Win32
		{04D7D508-D31D-3C4A-88DD-7570056BBEA8}.RelWithDebInfo|Win32.ActiveCfg = RelWithDebInfo|Win32
		{04D7D508-D31D-3C4A-88DD-7570056BBEA8}.RelWithDebInfo|Win32.Build.0 = RelWithDebInfo|Win32
		{04D7D508-D31D-3C4A-88DD-7570056BBEA8}.Release|Win32.ActiveCfg = Release|Win32
		{04D7D508-D31D-3C4A-88DD-7570056BBEA8}.Release|Win32.Build.0 = Release|Win32
		{04D7D508-D31D-3C4A-88DD-7570056BBEA8}.Debug|Win32.ActiveCfg = Debug|Win32
		{04D7D508-D31D-3C4A-88DD-7570056BBEA8}.Debug|Win32.Build.0 = Debug|Win32
		{40EE85B1-68CB-3496-9D99-7594D1D8786C}.RelWithDebInfo|Win32.ActiveCfg = RelWithDebInfo|Win32
		{40EE85B1-68CB-3496-9D99-7594D1D8786C}.RelWithDebInfo|Win32.Build.0 = RelWithDebInfo|Win32
		{40EE85B1-68CB-3496-9D99-7594D1D8786C}.Release|Win32.ActiveCfg = Release|Win32
		{40EE85B1-68CB-3496-9D99-7594D1D8786C}.Release|Win32.Build.0 = Release|Win32
		{40EE85B1-68CB-3496-9D99-7594D1D8786C}.Debug|Win32.ActiveCfg = Debug|Win32
		{40EE85B1-68CB-3496-9D99-7594D1D8786C}.Debug|Win32.Build.0 = Debug|Win32
		{863B742D-92F5-3BCA-8862-9538BA35BF0A}.RelWithDebInfo|Win32.ActiveCfg = RelWithDebInfo|Win32
		{863B742D-92F5-3BCA-8862-9538BA35BF0A}.RelWithDebInfo|Win32.Build.0 = RelWithDebInfo|Win32
		{863B742D-92F5-3BCA-8862-9538BA35BF0A}.Release|Win32.ActiveCfg = Release|Win32
		{863B742D-92F5-3BCA-8862-9538BA35BF0A}.Release|Win32.Build.0 = Release|Win32
		{863B742D-92F5-3BCA-8862-9538BA35BF0A}.Debug|Win32.ActiveCfg = Debug|Win32
		{863B742D-92F5-3BCA-8862-9538BA35BF0A}.Debug|Win32.Build.0 = Debug|Win32
		{B0354BF9-7325-3047-B4AF-A6CB2D9B7E69}.RelWithDebInfo|Win32.ActiveCfg = RelWithDebInfo|Win32
		{B0354BF9-7325-3047-B4AF-A6CB2D9B7E69}.RelWithDebInfo|Win32.Build.0 = RelWithDebInfo|Win32
		{B0354BF9-7325-3047-B4AF-A6CB2D9B7E69}.Release|Win32.ActiveCfg = Release|Win32
		{B0354BF9-7325-3047-B4AF-A6CB2D9B7E69}.Release|Win32.Build.0 = Release|Win32
		{B0354BF9-7325-3047-B4AF-A6CB2D9B7E69}.Debug|Win32.ActiveCfg = Debug|Win32
		{B0354BF9-7325-3047-B4AF-A6CB2D9B7E69}.Debug|Win32.Build.0 = Debug|Win32
		{ED1D9274-1B39-30F5-B826-C17AD961C950}.RelWithDebInfo|Win32.ActiveCfg = RelWithDebInfo|Win32
		{ED1D9274-1B39-30F5-B826-C17AD961C950}.RelWithDebInfo|Win32.Build.0 = RelWithDebInfo|Win32
		{ED1D9274-1B39-30F5-B826-C17AD961C950}.Release|Win32.ActiveCfg = Release|Win32
		{ED1D9274-1B39-30F5-B826-C17AD961C950}.Release|Win32.Build.0 = Release|Win32
		{ED1D9274-1B39-30F5-B826-C17AD961C950}.Debug|Win32.ActiveCfg = Debug|Win32
		{ED1D9274-1B39-30F5-B826-C17AD961C950}.Debug|Win32.Build.0 = Debug|Win32
		{840E4188-8E01-3FCD-B62D-6930C5497801}.RelWithDebInfo|Win32.ActiveCfg = RelWithDebInfo|Win32
		{840E4188-8E01-3FCD-B62D-6930C5497801}.RelWithDebInfo|Win32.Build.0 = RelWithDebInfo|Win32
		{840E4188-8E01-3FCD-B62D-6930C5497801}.Release|Win32.ActiveCfg = Release|Win32
		{840E4188-8E01-3FCD-B62D-6930C5497801}.Release|Win32.Build.0 = Release|Win32
		{840E4188-8E01-3FCD-B62D-6930C5497801}.Debug|Win32.ActiveCfg = Debug|Win32
		{840E4188-8E01-3FCD-B62D-6930C5497801}.Debug|Win32.Build.0 = Debug|Win32
		{2219F058-C341-3F8D-82B8-B279A842490C}.RelWithDebInfo|Win32.ActiveCfg = RelWithDebInfo|Win32
		{2219F058-C341-3F8D-82B8-B279A842490C}.RelWithDebInfo|Win32.Build.0 = RelWithDebInfo|Win32
		{2219F058-C341-3F8D-82B8-B279A842490C}.Release|Win32.ActiveCfg = Release|Win32
		{2219F058-C341-3F8D-82B8-B279A842490C}.Release|Win32.Build.0 = Release|Win32
		{2219F058-C341-3F8D-82B8-B279A842490C}.Debug|Win32.ActiveCfg = Debug|Win32
		{2219F058-C341-3F8D-82B8-B279A842490C}.Debug|Win32.Build.0 = Debug|Win32
		{A141F60B-AB04-3783-BF86-DF3B432B445F}.RelWithDebInfo|Win32.ActiveCfg = RelWithDebInfo|Win32
		{A141F60B-AB04-3783-BF86-DF3B432B445F}.RelWithDebInfo|Win32.Build.0 = RelWithDebInfo|Win32
		{A141F60B-AB04-3783-BF86-DF3B432B445F}.Release|Win32.ActiveCfg = Release|Win32
		{A141F60B-AB04-3783-BF86-DF3B432B445F}.Release|Win32.Build.0 = Release|Win32
		{A141F60B-AB04-3783-BF86-DF3B432B445F}.Debug|Win32.ActiveCfg = Debug|Win32
		{A141F60B-AB04-3783-BF86-DF3B432B445F}.Debug|Win32.Build.0 = Debug|Win32
		{DAC02361-3A0D-3656-8E49-9C779594F6E5}.RelWithDebInfo|Win32.ActiveCfg = RelWithDebInfo|Win32
		{DAC02361-3A0D-3656-8E49-9C779594F6E5}.RelWithDebInfo|Win32.Build.0 = RelWithDebInfo|Win32
		{DAC02361-3A0D-3656-8E49-9C779594F6E5}.Release|Win32.ActiveCfg = Release|Win32
		{DAC02361-3A0D-3656-8E49-9C779594F6E5}.Release|Win32.Build.0 = Release|Win32
		{DAC02361-3A0D-3656-8E49-9C779594F6E5}.Debug|Win32.ActiveCfg = Debug|Win32
		{DAC02361-3A0D-3656-8E49-9C779594F6E5}.Debug|Win32.Build.0 = Debug|Win32
		{B1BDB0EF-F74B-30E8-BB13-3D9A8D2726A6}.RelWithDebInfo|Win32.ActiveCfg = RelWithDebInfo|Win32
		{B1BDB0EF-F74B-30E8-BB13-3D9A8D2726A6}.RelWithDebInfo|Win32.Build.0 = RelWithDebInfo|Win32
		{B1BDB0EF-F74B-30E8-BB13-3D9A8D2726A6}.Release|Win32.ActiveCfg = Release|Win32
		{B1BDB0EF-F74B-30E8-BB13-3D9A8D2726A6}.Release|Win32.Build.0 = Release|Win32
		{B1BDB0EF-F74B-30E8-BB13-3D9A8D2726A6}.Debug|Win32.ActiveCfg = Debug|Win32
		{B1BDB0EF-F74B-30E8-BB13-3D9A8D2726A6}.Debug|Win32.Build.0 = Debug|Win32
		{A9FC2E1D-97C5-3540-9084-10747C99F65A}.RelWithDebInfo|Win32.ActiveCfg = RelWithDebInfo|Win32
		{A9FC2E1D-97C5-3540-9084-10747C99F65A}.RelWithDebInfo|Win32.Build.0 = RelWithDebInfo|Win32
		{A9FC2E1D-97C5-3540-9084-10747C99F65A}.Release|Win32.ActiveCfg = Release|Win32
		{A9FC2E1D-97C5-3540-9084-10747C99F65A}.Release|Win32.Build.0 = Release|Win32
		{A9FC2E1D-97C5-3540-9084-10747C99F65A}.Debug|Win32.ActiveCfg = Debug|Win32
		{A9FC2E1D-97C5-3540-9084-10747C99F65A}.Debug|Win32.Build.0 = Debug|Win32
		{1F3E9AA1-D4BD-36C7-A5BE-9FDA96FF1B17}.RelWithDebInfo|Win32.ActiveCfg = RelWithDebInfo|Win32
		{1F3E9AA1-D4BD-36C7-A5BE-9FDA96FF1B17}.RelWithDebInfo|Win32.Build.0 = RelWithDebInfo|Win32
		{1F3E9AA1-D4BD-36C7-A5BE-9FDA96FF1B17}.Release|Win32.ActiveCfg = Release|Win32
		{1F3E9AA1-D4BD-36C7-A5BE-9FDA96FF1B17}.Release|Win32.Build.0 = Release|Win32
		{1F3E9AA1-D4BD-36C7-A5BE-9FDA96FF1B17}.Debug|Win32.ActiveCfg = Debug|Win32
		{1F3E9AA1-D4BD-36C7-A5BE-9FDA96FF1B17}.Debug|Win32.Build.0 = Debug|Win32
		{0BEC7924-1622-37E6-B0BA-764B43C39C34}.RelWithDebInfo|Win32.ActiveCfg = RelWithDebInfo|Win32
		{0BEC7924-1622-37E6-B0BA-764B43C39C34}.RelWithDebInfo|Win32.Build.0 = RelWithDebInfo|Win32
		{0BEC7924-1622-37E6-B0BA-764B43C39C34}.Release|Win32.ActiveCfg = Release|Win32
		{0BEC7924-1622-37E6-B0BA-764B43C39C34}.Release|Win32.Build.0 = Release|Win32
		{0BEC7924-1622-37E6-B0BA-764B43C39C34}.Debug|Win32.ActiveCfg = Debug|Win32
		{0BEC7924-1622-37E6-B0BA-764B43C39C34}.Debug|Win32.Build.0 = Debug|Win32
		{D5B29165-EC31-30BD-A71A-B08FD1DD7E99}.RelWithDebInfo|Win32.ActiveCfg = RelWithDebInfo|Win32
		{D5B29165-EC31-30BD-A71A-B08FD1DD7E99}.RelWithDebInfo|Win32.Build.0 = RelWithDebInfo|Win32
		{D5B29165-EC31-30BD-A71A-B08FD1DD7E99}.Release|Win32.ActiveCfg = Release|Win32
		{D5B29165-EC31-30BD-A71A-B08FD1DD7E99}.Release|Win32.Build.0 = Release|Win32
		{D5B29165-EC31-30BD-A71A-B08FD1DD7E99}.Debug|Win32.ActiveCfg = Debug|Win32
		{D5B29165-EC31-30BD-A71A-B08FD1DD7E99}.Debug|Win32.Build.0 = Debug|Win32
		{67059860-51D3-37F9-BA28-BDDBE85D0A42}.RelWithDebInfo|Win32.ActiveCfg = RelWithDebInfo|Win32
		{67059860-51D3-37F9-BA28-BDDBE85D0A42}.RelWithDebInfo|Win32.Build.0 = RelWithDebInfo|Win32
		{67059860-51D3-37F9-BA28-BDDBE85D0A42}.Release|Win32.ActiveCfg = Release|Win32
		{67059860-51D3-37F9-BA28-BDDBE85D0A42}.Release|Win32.Build.0 = Release|Win32
		{67059860-51D3-37F9-BA28-BDDBE85D0A42}.Debug|Win32.ActiveCfg = Debug|Win32
		{67059860-51D3-37F9-BA28-BDDBE85D0A42}.Debug|Win32.Build.0 = Debug|Win32
		{31509BD8-8955-39D8-8A92-5ACFD56B8319}.RelWithDebInfo|Win32.ActiveCfg = RelWithDebInfo|Win32
		{31509BD8-8955-39D8-8A92-5ACFD56B8319}.RelWithDebInfo|Win32.Build.0 = RelWithDebInfo|Win32
		{31509BD8-8955-39D8-8A92-5ACFD56B8319}.Release|Win32.ActiveCfg = Release|Win32
		{31509BD8-8955-39D8-8A92-5ACFD56B8319}.Release|Win32.Build.0 = Release|Win32
		{31509BD8-8955-39D8-8A92-5ACFD56B8319}.Debug|Win32.ActiveCfg = Debug|Win32
		{31509BD8-8955-39D8-8A92-5ACFD56B8319}.Debug|Win32.Build.0 = Debug|Win32
		{339687B3-18C9-328E-85AC-A21C9D2F3DCB}.RelWithDebInfo|Win32.ActiveCfg = RelWithDebInfo|Win32
		{339687B3-18C9-328E-85AC-A21C9D2F3DCB}.RelWithDebInfo|Win32.Build.0 = RelWithDebInfo|Win32
		{339687B3-18C9-328E-85AC-A21C9D2F3DCB}.Release|Win32.ActiveCfg = Release|Win32
		{339687B3-18C9-328E-85AC-A21C9D2F3DCB}.Release|Win32.Build.0 = Release|Win32
		{339687B3-18C9-328E-85AC-A21C9D2F3DCB}.Debug|Win32.ActiveCfg = Debug|Win32
		{339687B3-18C9-328E-85AC-A21C9D2F3DCB}.Debug|Win32.Build.0 = Debug|Win32
		{1633C229-56F9-360D-BE81-B4145B7AEEF5}.RelWithDebInfo|Win32.ActiveCfg = RelWithDebInfo|Win32
		{1633C229-56F9-360D-BE81-B4145B7AEEF5}.RelWithDebInfo|Win32.Build.0 = RelWithDebInfo|Win32
		{1633C229-56F9-360D-BE81-B4145B7AEEF5}.Release|Win32.ActiveCfg = Release|Win32
		{1633C229-56F9-360D-BE81-B4145B7AEEF5}.Release|Win32.Build.0 = Release|Win32
		{1633C229-56F9-360D-BE81-B4145B7AEEF5}.Debug|Win32.ActiveCfg = Debug|Win32
		{1633C229-56F9-360D-BE81-B4145B7AEEF5}.Debug|Win32.Build.0 = Debug|Win32
		{3122C023-965E-370E-BD36-1CFB434CE35C}.RelWithDebInfo|Win32.ActiveCfg = RelWithDebInfo|Win32
		{3122C023-965E-370E-BD36-1CFB434CE35C}.RelWithDebInfo|Win32.Build.0 = RelWithDebInfo|Win32
		{3122C023-965E-370E-BD36-1CFB434CE35C}.Release|Win32.ActiveCfg = Release|Win32
		{3122C023-965E-370E-BD36-1CFB434CE35C}.Release|Win32.Build.0 = Release|Win32
		{3122C023-965E-370E-BD36-1CFB434CE35C}.Debug|Win32.ActiveCfg = Debug|Win32
		{3122C023-965E-370E-BD36-1CFB434CE35C}.Debug|Win32.Build.0 = Debug|Win32
		{4BA9F318-E73A-37E9-A0B5-9EF90CDBCE9C}.RelWithDebInfo|Win32.ActiveCfg = RelWithDebInfo|Win32
		{4BA9F318-E73A-37E9-A0B5-9EF90CDBCE9C}.RelWithDebInfo|Win32.Build.0 = RelWithDebInfo|Win32
		{4BA9F318-E73A-37E9-A0B5-9EF90CDBCE9C}.Release|Win32.ActiveCfg = Release|Win32
		{4BA9F318-E73A-37E9-A0B5-9EF90CDBCE9C}.Release|Win32.Build.0 = Release|Win32
		{4BA9F318-E73A-37E9-A0B5-9EF90CDBCE9C}.Debug|Win32.ActiveCfg = Debug|Win32
		{4BA9F318-E73A-37E9-A0B5-9EF90CDBCE9C}.Debug|Win32.Build.0 = Debug|Win32
		{F8F71CB2-4869-310C-9EF6-254BA8D56F0D}.RelWithDebInfo|Win32.ActiveCfg = RelWithDebInfo|Win32
		{F8F71CB2-4869-310C-9EF6-254BA8D56F0D}.RelWithDebInfo|Win32.Build.0 = RelWithDebInfo|Win32
		{F8F71CB2-4869-310C-9EF6-254BA8D56F0D}.Release|Win32.ActiveCfg = Release|Win32
		{F8F71CB2-4869-310C-9EF6-254BA8D56F0D}.Release|Win32.Build.0 = Release|Win32
		{F8F71CB2-4869-310C-9EF6-254BA8D56F0D}.Debug|Win32.ActiveCfg = Debug|Win32
		{F8F71CB2-4869-310C-9EF6-254BA8D56F0D}.Debug|Win32.Build.0 = Debug|Win32
		{7292C604-7439-3F78-B34F-6DE94D09445C}.RelWithDebInfo|Win32.ActiveCfg = RelWithDebInfo|Win32
		{7292C604-7439-3F78-B34F-6DE94D09445C}.RelWithDebInfo|Win32.Build.0 = RelWithDebInfo|Win32
		{7292C604-7439-3F78-B34F-6DE94D09445C}.Release|Win32.ActiveCfg = Release|Win32
		{7292C604-7439-3F78-B34F-6DE94D09445C}.Release|Win32.Build.0 = Release|Win32
		{7292C604-7439-3F78-B34F-6DE94D09445C}.Debug|Win32.ActiveCfg = Debug|Win32
		{7292C604-7439-3F78-B34F-6DE94D09445C}.Debug|Win32.Build.0 = Debug|Win32
		{B95902F0-3849-3C4D-B964-DA895FDC4089}.RelWithDebInfo|Win32.ActiveCfg = RelWithDebInfo|Win32
		{B95902F0-3849-3C4D-B964-DA895FDC4089}.RelWithDebInfo|Win32.Build.0 = RelWithDebInfo|Win32
		{B95902F0-3849-3C4D-B964-DA895FDC4089}.Release|Win32.ActiveCfg = Release|Win32
		{B95902F0-3849-3C4D-B964-DA895FDC4089}.Release|Win32.Build.0 = Release|Win32
		{B95902F0-3849-3C4D-B964-DA895FDC4089}.Debug|Win32.ActiveCfg = Debug|Win32
		{B95902F0-3849-3C4D-B964-DA895FDC4089}.Debug|Win32.Build.0 = Debug|Win32
		{906C18BC-4CBC-3AF1-A5A9-E94C2F39A060}.RelWithDebInfo|Win32.ActiveCfg = RelWithDebInfo|Win32
		{906C18BC-4CBC-3AF1-A5A9-E94C2F39A060}.RelWithDebInfo|Win32.Build.0 = RelWithDebInfo|Win32
		{906C18BC-4CBC-3AF1-A5A9-E94C2F39A060}.Release|Win32.ActiveCfg = Release|Win32
		{906C18BC-4CBC-3AF1-A5A9-E94C2F39A060}.Release|Win32.Build.0 = Release|Win32
		{906C18BC-4CBC-3AF1-A5A9-E94C2F39A060}.Debug|Win32.ActiveCfg = Debug|Win32
		{906C18BC-4CBC-3AF1-A5A9-E94C2F39A060}.Debug|Win32.Build.0 = Debug|Win32
		{D5A20478-0948-3E29-89C4-5B5D267FF5EC}.RelWithDebInfo|Win32.ActiveCfg = RelWithDebInfo|Win32
		{D5A20478-0948-3E29-89C4-5B5D267FF5EC}.RelWithDebInfo|Win32.Build.0 = RelWithDebInfo|Win32
		{D5A20478-0948-3E29-89C4-5B5D267FF5EC}.Release|Win32.ActiveCfg = Release|Win32
		{D5A20478-0948-3E29-89C4-5B5D267FF5EC}.Release|Win32.Build.0 = Release|Win32
		{D5A20478-0948-3E29-89C4-5B5D267FF5EC}.Debug|Win32.ActiveCfg = Debug|Win32
		{D5A20478-0948-3E29-89C4-5B5D267FF5EC}.Debug|Win32.Build.0 = Debug|Win32
		{823E8166-43A1-3874-B0D3-B1249A414E8E}.RelWithDebInfo|Win32.ActiveCfg = RelWithDebInfo|Win32
		{823E8166-43A1-3874-B0D3-B1249A414E8E}.RelWithDebInfo|Win32.Build.0 = RelWithDebInfo|Win32
		{823E8166-43A1-3874-B0D3-B1249A414E8E}.Release|Win32.ActiveCfg = Release|Win32
		{823E8166-43A1-3874-B0D3-B1249A414E8E}.Release|Win32.Build.0 = Release|Win32
		{823E8166-43A1-3874-B0D3-B1249A414E8E}.Debug|Win32.ActiveCfg = Debug|Win32
		{823E8166-43A1-3874-B0D3-B1249A414E8E}.Debug|Win32.Build.0 = Debug|Win32
		{DDA06E93-7AE1-342D-B6E7-6C4D0B3AE80C}.RelWithDebInfo|Win32.ActiveCfg = RelWithDebInfo|Win32
		{DDA06E93-7AE1-342D-B6E7-6C4D0B3AE80C}.RelWithDebInfo|Win32.Build.0 = RelWithDebInfo|Win32
		{DDA06E93-7AE1-342D-B6E7-6C4D0B3AE80C}.Release|Win32.ActiveCfg = Release|Win32
		{DDA06E93-7AE1-342D-B6E7-6C4D0B3AE80C}.Release|Win32.Build.0 = Release|Win32
		{DDA06E93-7AE1-342D-B6E7-6C4D0B3AE80C}.Debug|Win32.ActiveCfg = Debug|Win32
		{DDA06E93-7AE1-342D-B6E7-6C4D0B3AE80C}.Debug|Win32.Build.0 = Debug|Win32
		{2773BFD3-04F0-3EE3-983B-E7B1FF50DF31}.RelWithDebInfo|Win32.ActiveCfg = RelWithDebInfo|Win32
		{2773BFD3-04F0-3EE3-983B-E7B1FF50DF31}.RelWithDebInfo|Win32.Build.0 = RelWithDebInfo|Win32
		{2773BFD3-04F0-3EE3-983B-E7B1FF50DF31}.Release|Win32.ActiveCfg = Release|Win32
		{2773BFD3-04F0-3EE3-983B-E7B1FF50DF31}.Release|Win32.Build.0 = Release|Win32
		{2773BFD3-04F0-3EE3-983B-E7B1FF50DF31}.Debug|Win32.ActiveCfg = Debug|Win32
		{2773BFD3-04F0-3EE3-983B-E7B1FF50DF31}.Debug|Win32.Build.0 = Debug|Win32
		{8662BB18-6183-3F10-B56C-4C661A11E5FA}.RelWithDebInfo|Win32.ActiveCfg = RelWithDebInfo|Win32
		{8662BB18-6183-3F10-B56C-4C661A11E5FA}.RelWithDebInfo|Win32.Build.0 = RelWithDebInfo|Win32
		{8662BB18-6183-3F10-B56C-4C661A11E5FA}.Release|Win32.ActiveCfg = Release|Win32
		{8662BB18-6183-3F10-B56C-4C661A11E5FA}.Release|Win32.Build.0 = Release|Win32
		{8662BB18-6183-3F10-B56C-4C661A11E5FA}.Debug|Win32.ActiveCfg = Debug|Win32
		{8662BB18-6183-3F10-B56C-4C661A11E5FA}.Debug|Win32.Build.0 = Debug|Win32
		{603DD0BC-8FA5-397B-AD21-CF13B78DF211}.RelWithDebInfo|Win32.ActiveCfg = RelWithDebInfo|Win32
		{603DD0BC-8FA5-397B-AD21-CF13B78DF211}.RelWithDebInfo|Win32.Build.0 = RelWithDebInfo|Win32
		{603DD0BC-8FA5-397B-AD21-CF13B78DF211}.Release|Win32.ActiveCfg = Release|Win32
		{603DD0BC-8FA5-397B-AD21-CF13B78DF211}.Release|Win32.Build.0 = Release|Win32
		{603DD0BC-8FA5-397B-AD21-CF13B78DF211}.Debug|Win32.ActiveCfg = Debug|Win32
		{603DD0BC-8FA5-397B-AD21-CF13B78DF211}.Debug|Win32.Build.0 = Debug|Win32
		{5D2C096A-8E1D-37B0-BAFA-48A22EF447E6}.RelWithDebInfo|Win32.ActiveCfg = RelWithDebInfo|Win32
		{5D2C096A-8E1D-37B0-BAFA-48A22EF447E6}.RelWithDebInfo|Win32.Build.0 = RelWithDebInfo|Win32
		{5D2C096A-8E1D-37B0-BAFA-48A22EF447E6}.Release|Win32.ActiveCfg = Release|Win32
		{5D2C096A-8E1D-37B0-BAFA-48A22EF447E6}.Release|Win32.Build.0 = Release|Win32
		{5D2C096A-8E1D-37B0-BAFA-48A22EF447E6}.Debug|Win32.ActiveCfg = Debug|Win32
		{5D2C096A-8E1D-37B0-BAFA-48A22EF447E6}.Debug|Win32.Build.0 = Debug|Win32
		{2DE4CCC8-E68A-3E33-A23A-4B39C757F97D}.RelWithDebInfo|Win32.ActiveCfg = RelWithDebInfo|Win32
		{2DE4CCC8-E68A-3E33-A23A-4B39C757F97D}.RelWithDebInfo|Win32.Build.0 = RelWithDebInfo|Win32
		{2DE4CCC8-E68A-3E33-A23A-4B39C757F97D}.Release|Win32.ActiveCfg = Release|Win32
		{2DE4CCC8-E68A-3E33-A23A-4B39C757F97D}.Release|Win32.Build.0 = Release|Win32
		{2DE4CCC8-E68A-3E33-A23A-4B39C757F97D}.Debug|Win32.ActiveCfg = Debug|Win32
		{2DE4CCC8-E68A-3E33-A23A-4B39C757F97D}.Debug|Win32.Build.0 = Debug|Win32
		{14CB10E3-C5FA-3C5D-AC54-2E55F075C4C9}.RelWithDebInfo|Win32.ActiveCfg = RelWithDebInfo|Win32
		{14CB10E3-C5FA-3C5D-AC54-2E55F075C4C9}.Release|Win32.ActiveCfg = Release|Win32
		{14CB10E3-C5FA-3C5D-AC54-2E55F075C4C9}.Debug|Win32.ActiveCfg = Debug|Win32
	EndGlobalSection
	GlobalSection(ExtensibilityGlobals) = postSolution
	EndGlobalSection
	GlobalSection(ExtensibilityAddIns) = postSolution
	EndGlobalSection
EndGlobal
