<?xml version="1.0" encoding="UTF-8"?>
<Project ToolsVersion="14.0" xmlns="http://schemas.microsoft.com/developer/msbuild/2003">
  <ItemGroup>
    <ClCompile Include="C:\Users\steph\Desktop\singularity\singularity\indra\llui\llaccordionctrl.cpp">
      <Filter>Source Files</Filter>
    </ClCompile>
    <ClCompile Include="C:\Users\steph\Desktop\singularity\singularity\indra\llui\llaccordionctrltab.cpp">
      <Filter>Source Files</Filter>
    </ClCompile>
    <ClCompile Include="C:\Users\steph\Desktop\singularity\singularity\indra\llui\llalertdialog.cpp">
      <Filter>Source Files</Filter>
    </ClCompile>
    <ClCompile Include="C:\Users\steph\Desktop\singularity\singularity\indra\llui\llbutton.cpp">
      <Filter>Source Files</Filter>
    </ClCompile>
    <ClCompile Include="C:\Users\steph\Desktop\singularity\singularity\indra\llui\llcheckboxctrl.cpp">
      <Filter>Source Files</Filter>
    </ClCompile>
    <ClCompile Include="C:\Users\steph\Desktop\singularity\singularity\indra\llui\llclipboard.cpp">
      <Filter>Source Files</Filter>
    </ClCompile>
    <ClCompile Include="C:\Users\steph\Desktop\singularity\singularity\indra\llui\llcombobox.cpp">
      <Filter>Source Files</Filter>
    </ClCompile>
    <ClCompile Include="C:\Users\steph\Desktop\singularity\singularity\indra\llui\llcontainerview.cpp">
      <Filter>Source Files</Filter>
    </ClCompile>
    <ClCompile Include="C:\Users\steph\Desktop\singularity\singularity\indra\llui\llctrlselectioninterface.cpp">
      <Filter>Source Files</Filter>
    </ClCompile>
    <ClCompile Include="C:\Users\steph\Desktop\singularity\singularity\indra\llui\lldraghandle.cpp">
      <Filter>Source Files</Filter>
    </ClCompile>
    <ClCompile Include="C:\Users\steph\Desktop\singularity\singularity\indra\llui\lleditmenuhandler.cpp">
      <Filter>Source Files</Filter>
    </ClCompile>
    <ClCompile Include="C:\Users\steph\Desktop\singularity\singularity\indra\llui\llfiltereditor.cpp">
      <Filter>Source Files</Filter>
    </ClCompile>
    <ClCompile Include="C:\Users\steph\Desktop\singularity\singularity\indra\llui\llfloater.cpp">
      <Filter>Source Files</Filter>
    </ClCompile>
    <ClCompile Include="C:\Users\steph\Desktop\singularity\singularity\indra\llui\llflyoutbutton.cpp">
      <Filter>Source Files</Filter>
    </ClCompile>
    <ClCompile Include="C:\Users\steph\Desktop\singularity\singularity\indra\llui\llfocusmgr.cpp">
      <Filter>Source Files</Filter>
    </ClCompile>
    <ClCompile Include="C:\Users\steph\Desktop\singularity\singularity\indra\llui\llfunctorregistry.cpp">
      <Filter>Source Files</Filter>
    </ClCompile>
    <ClCompile Include="C:\Users\steph\Desktop\singularity\singularity\indra\llui\lliconctrl.cpp">
      <Filter>Source Files</Filter>
    </ClCompile>
    <ClCompile Include="C:\Users\steph\Desktop\singularity\singularity\indra\llui\llkeywords.cpp">
      <Filter>Source Files</Filter>
    </ClCompile>
    <ClCompile Include="C:\Users\steph\Desktop\singularity\singularity\indra\llui\lllayoutstack.cpp">
      <Filter>Source Files</Filter>
    </ClCompile>
    <ClCompile Include="C:\Users\steph\Desktop\singularity\singularity\indra\llui\lllineeditor.cpp">
      <Filter>Source Files</Filter>
    </ClCompile>
    <ClCompile Include="C:\Users\steph\Desktop\singularity\singularity\indra\llui\lllocalcliprect.cpp">
      <Filter>Source Files</Filter>
    </ClCompile>
    <ClCompile Include="C:\Users\steph\Desktop\singularity\singularity\indra\llui\llmenugl.cpp">
      <Filter>Source Files</Filter>
    </ClCompile>
    <ClCompile Include="C:\Users\steph\Desktop\singularity\singularity\indra\llui\llmodaldialog.cpp">
      <Filter>Source Files</Filter>
    </ClCompile>
    <ClCompile Include="C:\Users\steph\Desktop\singularity\singularity\indra\llui\llmultifloater.cpp">
      <Filter>Source Files</Filter>
    </ClCompile>
    <ClCompile Include="C:\Users\steph\Desktop\singularity\singularity\indra\llui\llmultislider.cpp">
      <Filter>Source Files</Filter>
    </ClCompile>
    <ClCompile Include="C:\Users\steph\Desktop\singularity\singularity\indra\llui\llmultisliderctrl.cpp">
      <Filter>Source Files</Filter>
    </ClCompile>
    <ClCompile Include="C:\Users\steph\Desktop\singularity\singularity\indra\llui\llnotifications.cpp">
      <Filter>Source Files</Filter>
    </ClCompile>
    <ClCompile Include="C:\Users\steph\Desktop\singularity\singularity\indra\llui\llnotificationsutil.cpp">
      <Filter>Source Files</Filter>
    </ClCompile>
    <ClCompile Include="C:\Users\steph\Desktop\singularity\singularity\indra\llui\llpanel.cpp">
      <Filter>Source Files</Filter>
    </ClCompile>
    <ClCompile Include="C:\Users\steph\Desktop\singularity\singularity\indra\llui\llprogressbar.cpp">
      <Filter>Source Files</Filter>
    </ClCompile>
    <ClCompile Include="C:\Users\steph\Desktop\singularity\singularity\indra\llui\llradiogroup.cpp">
      <Filter>Source Files</Filter>
    </ClCompile>
    <ClCompile Include="C:\Users\steph\Desktop\singularity\singularity\indra\llui\llresizebar.cpp">
      <Filter>Source Files</Filter>
    </ClCompile>
    <ClCompile Include="C:\Users\steph\Desktop\singularity\singularity\indra\llui\llresizehandle.cpp">
      <Filter>Source Files</Filter>
    </ClCompile>
    <ClCompile Include="C:\Users\steph\Desktop\singularity\singularity\indra\llui\llresmgr.cpp">
      <Filter>Source Files</Filter>
    </ClCompile>
    <ClCompile Include="C:\Users\steph\Desktop\singularity\singularity\indra\llui\llrootview.cpp">
      <Filter>Source Files</Filter>
    </ClCompile>
    <ClCompile Include="C:\Users\steph\Desktop\singularity\singularity\indra\llui\llscrollbar.cpp">
      <Filter>Source Files</Filter>
    </ClCompile>
    <ClCompile Include="C:\Users\steph\Desktop\singularity\singularity\indra\llui\llscrollcontainer.cpp">
      <Filter>Source Files</Filter>
    </ClCompile>
    <ClCompile Include="C:\Users\steph\Desktop\singularity\singularity\indra\llui\llscrollingpanellist.cpp">
      <Filter>Source Files</Filter>
    </ClCompile>
    <ClCompile Include="C:\Users\steph\Desktop\singularity\singularity\indra\llui\llscrolllistcell.cpp">
      <Filter>Source Files</Filter>
    </ClCompile>
    <ClCompile Include="C:\Users\steph\Desktop\singularity\singularity\indra\llui\llscrolllistcolumn.cpp">
      <Filter>Source Files</Filter>
    </ClCompile>
    <ClCompile Include="C:\Users\steph\Desktop\singularity\singularity\indra\llui\llscrolllistctrl.cpp">
      <Filter>Source Files</Filter>
    </ClCompile>
    <ClCompile Include="C:\Users\steph\Desktop\singularity\singularity\indra\llui\llscrolllistitem.cpp">
      <Filter>Source Files</Filter>
    </ClCompile>
    <ClCompile Include="C:\Users\steph\Desktop\singularity\singularity\indra\llui\llsearcheditor.cpp">
      <Filter>Source Files</Filter>
    </ClCompile>
    <ClCompile Include="C:\Users\steph\Desktop\singularity\singularity\indra\llui\llslider.cpp">
      <Filter>Source Files</Filter>
    </ClCompile>
    <ClCompile Include="C:\Users\steph\Desktop\singularity\singularity\indra\llui\llsliderctrl.cpp">
      <Filter>Source Files</Filter>
    </ClCompile>
    <ClCompile Include="C:\Users\steph\Desktop\singularity\singularity\indra\llui\llspinctrl.cpp">
      <Filter>Source Files</Filter>
    </ClCompile>
    <ClCompile Include="C:\Users\steph\Desktop\singularity\singularity\indra\llui\llstatbar.cpp">
      <Filter>Source Files</Filter>
    </ClCompile>
    <ClCompile Include="C:\Users\steph\Desktop\singularity\singularity\indra\llui\llstatgraph.cpp">
      <Filter>Source Files</Filter>
    </ClCompile>
    <ClCompile Include="C:\Users\steph\Desktop\singularity\singularity\indra\llui\llstatview.cpp">
      <Filter>Source Files</Filter>
    </ClCompile>
    <ClCompile Include="C:\Users\steph\Desktop\singularity\singularity\indra\llui\llstyle.cpp">
      <Filter>Source Files</Filter>
    </ClCompile>
    <ClCompile Include="C:\Users\steph\Desktop\singularity\singularity\indra\llui\lltabcontainer.cpp">
      <Filter>Source Files</Filter>
    </ClCompile>
    <ClCompile Include="C:\Users\steph\Desktop\singularity\singularity\indra\llui\lltextbox.cpp">
      <Filter>Source Files</Filter>
    </ClCompile>
    <ClCompile Include="C:\Users\steph\Desktop\singularity\singularity\indra\llui\lltexteditor.cpp">
      <Filter>Source Files</Filter>
    </ClCompile>
    <ClCompile Include="C:\Users\steph\Desktop\singularity\singularity\indra\llui\lltextparser.cpp">
      <Filter>Source Files</Filter>
    </ClCompile>
    <ClCompile Include="C:\Users\steph\Desktop\singularity\singularity\indra\llui\lltrans.cpp">
      <Filter>Source Files</Filter>
    </ClCompile>
    <ClCompile Include="C:\Users\steph\Desktop\singularity\singularity\indra\llui\llui.cpp">
      <Filter>Source Files</Filter>
    </ClCompile>
    <ClCompile Include="C:\Users\steph\Desktop\singularity\singularity\indra\llui\lluicolor.cpp">
      <Filter>Source Files</Filter>
    </ClCompile>
    <ClCompile Include="C:\Users\steph\Desktop\singularity\singularity\indra\llui\lluictrl.cpp">
      <Filter>Source Files</Filter>
    </ClCompile>
    <ClCompile Include="C:\Users\steph\Desktop\singularity\singularity\indra\llui\lluictrlfactory.cpp">
      <Filter>Source Files</Filter>
    </ClCompile>
    <ClCompile Include="C:\Users\steph\Desktop\singularity\singularity\indra\llui\lluistring.cpp">
      <Filter>Source Files</Filter>
    </ClCompile>
    <ClCompile Include="C:\Users\steph\Desktop\singularity\singularity\indra\llui\llundo.cpp">
      <Filter>Source Files</Filter>
    </ClCompile>
    <ClCompile Include="C:\Users\steph\Desktop\singularity\singularity\indra\llui\llurlaction.cpp">
      <Filter>Source Files</Filter>
    </ClCompile>
    <ClCompile Include="C:\Users\steph\Desktop\singularity\singularity\indra\llui\llurlentry.cpp">
      <Filter>Source Files</Filter>
    </ClCompile>
    <ClCompile Include="C:\Users\steph\Desktop\singularity\singularity\indra\llui\llurlmatch.cpp">
      <Filter>Source Files</Filter>
    </ClCompile>
    <ClCompile Include="C:\Users\steph\Desktop\singularity\singularity\indra\llui\llurlregistry.cpp">
      <Filter>Source Files</Filter>
    </ClCompile>
    <ClCompile Include="C:\Users\steph\Desktop\singularity\singularity\indra\llui\llview.cpp">
      <Filter>Source Files</Filter>
    </ClCompile>
    <ClCompile Include="C:\Users\steph\Desktop\singularity\singularity\indra\llui\llviewborder.cpp">
      <Filter>Source Files</Filter>
    </ClCompile>
    <ClCompile Include="C:\Users\steph\Desktop\singularity\singularity\indra\llui\llviewmodel.cpp">
      <Filter>Source Files</Filter>
    </ClCompile>
    <ClCompile Include="C:\Users\steph\Desktop\singularity\singularity\indra\llui\llviewquery.cpp">
      <Filter>Source Files</Filter>
    </ClCompile>
    <ClCompile Include="C:\Users\steph\Desktop\singularity\singularity\indra\llui\llxuiparser.cpp">
      <Filter>Source Files</Filter>
    </ClCompile>
  </ItemGroup>
  <ItemGroup>
    <ClInclude Include="C:\Users\steph\Desktop\singularity\singularity\indra\llui\ailist.h">
      <Filter>Header Files</Filter>
    </ClInclude>
    <ClInclude Include="C:\Users\steph\Desktop\singularity\singularity\indra\llui\llaccordionctrl.h">
      <Filter>Header Files</Filter>
    </ClInclude>
    <ClInclude Include="C:\Users\steph\Desktop\singularity\singularity\indra\llui\llaccordionctrltab.h">
      <Filter>Header Files</Filter>
    </ClInclude>
    <ClInclude Include="C:\Users\steph\Desktop\singularity\singularity\indra\llui\llalertdialog.h">
      <Filter>Header Files</Filter>
    </ClInclude>
    <ClInclude Include="C:\Users\steph\Desktop\singularity\singularity\indra\llui\llbutton.h">
      <Filter>Header Files</Filter>
    </ClInclude>
    <ClInclude Include="C:\Users\steph\Desktop\singularity\singularity\indra\llui\llcallbackmap.h">
      <Filter>Header Files</Filter>
    </ClInclude>
    <ClInclude Include="C:\Users\steph\Desktop\singularity\singularity\indra\llui\llcheckboxctrl.h">
      <Filter>Header Files</Filter>
    </ClInclude>
    <ClInclude Include="C:\Users\steph\Desktop\singularity\singularity\indra\llui\llclipboard.h">
      <Filter>Header Files</Filter>
    </ClInclude>
    <ClInclude Include="C:\Users\steph\Desktop\singularity\singularity\indra\llui\llcombobox.h">
      <Filter>Header Files</Filter>
    </ClInclude>
    <ClInclude Include="C:\Users\steph\Desktop\singularity\singularity\indra\llui\llcontainerview.h">
      <Filter>Header Files</Filter>
    </ClInclude>
    <ClInclude Include="C:\Users\steph\Desktop\singularity\singularity\indra\llui\llctrlselectioninterface.h">
      <Filter>Header Files</Filter>
    </ClInclude>
    <ClInclude Include="C:\Users\steph\Desktop\singularity\singularity\indra\llui\lldraghandle.h">
      <Filter>Header Files</Filter>
    </ClInclude>
    <ClInclude Include="C:\Users\steph\Desktop\singularity\singularity\indra\llui\lleditmenuhandler.h">
      <Filter>Header Files</Filter>
    </ClInclude>
    <ClInclude Include="C:\Users\steph\Desktop\singularity\singularity\indra\llui\llfiltereditor.h">
      <Filter>Header Files</Filter>
    </ClInclude>
    <ClInclude Include="C:\Users\steph\Desktop\singularity\singularity\indra\llui\llfloater.h">
      <Filter>Header Files</Filter>
    </ClInclude>
    <ClInclude Include="C:\Users\steph\Desktop\singularity\singularity\indra\llui\llflyoutbutton.h">
      <Filter>Header Files</Filter>
    </ClInclude>
    <ClInclude Include="C:\Users\steph\Desktop\singularity\singularity\indra\llui\llfocusmgr.h">
      <Filter>Header Files</Filter>
    </ClInclude>
    <ClInclude Include="C:\Users\steph\Desktop\singularity\singularity\indra\llui\llfunctorregistry.h">
      <Filter>Header Files</Filter>
    </ClInclude>
    <ClInclude Include="C:\Users\steph\Desktop\singularity\singularity\indra\llui\llhtmlhelp.h">
      <Filter>Header Files</Filter>
    </ClInclude>
    <ClInclude Include="C:\Users\steph\Desktop\singularity\singularity\indra\llui\lliconctrl.h">
      <Filter>Header Files</Filter>
    </ClInclude>
    <ClInclude Include="C:\Users\steph\Desktop\singularity\singularity\indra\llui\llkeywords.h">
      <Filter>Header Files</Filter>
    </ClInclude>
    <ClInclude Include="C:\Users\steph\Desktop\singularity\singularity\indra\llui\lllayoutstack.h">
      <Filter>Header Files</Filter>
    </ClInclude>
    <ClInclude Include="C:\Users\steph\Desktop\singularity\singularity\indra\llui\lllineeditor.h">
      <Filter>Header Files</Filter>
    </ClInclude>
    <ClInclude Include="C:\Users\steph\Desktop\singularity\singularity\indra\llui\lllocalcliprect.h">
      <Filter>Header Files</Filter>
    </ClInclude>
    <ClInclude Include="C:\Users\steph\Desktop\singularity\singularity\indra\llui\llmemberlistener.h">
      <Filter>Header Files</Filter>
    </ClInclude>
    <ClInclude Include="C:\Users\steph\Desktop\singularity\singularity\indra\llui\llmenugl.h">
      <Filter>Header Files</Filter>
    </ClInclude>
    <ClInclude Include="C:\Users\steph\Desktop\singularity\singularity\indra\llui\llmodaldialog.h">
      <Filter>Header Files</Filter>
    </ClInclude>
    <ClInclude Include="C:\Users\steph\Desktop\singularity\singularity\indra\llui\llmultifloater.h">
      <Filter>Header Files</Filter>
    </ClInclude>
    <ClInclude Include="C:\Users\steph\Desktop\singularity\singularity\indra\llui\llmultislider.h">
      <Filter>Header Files</Filter>
    </ClInclude>
    <ClInclude Include="C:\Users\steph\Desktop\singularity\singularity\indra\llui\llmultisliderctrl.h">
      <Filter>Header Files</Filter>
    </ClInclude>
    <ClInclude Include="C:\Users\steph\Desktop\singularity\singularity\indra\llui\llnotificationptr.h">
      <Filter>Header Files</Filter>
    </ClInclude>
    <ClInclude Include="C:\Users\steph\Desktop\singularity\singularity\indra\llui\llnotifications.h">
      <Filter>Header Files</Filter>
    </ClInclude>
    <ClInclude Include="C:\Users\steph\Desktop\singularity\singularity\indra\llui\llnotificationsutil.h">
      <Filter>Header Files</Filter>
    </ClInclude>
    <ClInclude Include="C:\Users\steph\Desktop\singularity\singularity\indra\llui\llnotificationtemplate.h">
      <Filter>Header Files</Filter>
    </ClInclude>
    <ClInclude Include="C:\Users\steph\Desktop\singularity\singularity\indra\llui\llpanel.h">
      <Filter>Header Files</Filter>
    </ClInclude>
    <ClInclude Include="C:\Users\steph\Desktop\singularity\singularity\indra\llui\llprogressbar.h">
      <Filter>Header Files</Filter>
    </ClInclude>
    <ClInclude Include="C:\Users\steph\Desktop\singularity\singularity\indra\llui\llradiogroup.h">
      <Filter>Header Files</Filter>
    </ClInclude>
    <ClInclude Include="C:\Users\steph\Desktop\singularity\singularity\indra\llui\llresizebar.h">
      <Filter>Header Files</Filter>
    </ClInclude>
    <ClInclude Include="C:\Users\steph\Desktop\singularity\singularity\indra\llui\llresizehandle.h">
      <Filter>Header Files</Filter>
    </ClInclude>
    <ClInclude Include="C:\Users\steph\Desktop\singularity\singularity\indra\llui\llresmgr.h">
      <Filter>Header Files</Filter>
    </ClInclude>
    <ClInclude Include="C:\Users\steph\Desktop\singularity\singularity\indra\llui\llrootview.h">
      <Filter>Header Files</Filter>
    </ClInclude>
    <ClInclude Include="C:\Users\steph\Desktop\singularity\singularity\indra\llui\llsearcheditor.h">
      <Filter>Header Files</Filter>
    </ClInclude>
    <ClInclude Include="C:\Users\steph\Desktop\singularity\singularity\indra\llui\llscrollbar.h">
      <Filter>Header Files</Filter>
    </ClInclude>
    <ClInclude Include="C:\Users\steph\Desktop\singularity\singularity\indra\llui\llscrollcontainer.h">
      <Filter>Header Files</Filter>
    </ClInclude>
    <ClInclude Include="C:\Users\steph\Desktop\singularity\singularity\indra\llui\llscrollingpanellist.h">
      <Filter>Header Files</Filter>
    </ClInclude>
    <ClInclude Include="C:\Users\steph\Desktop\singularity\singularity\indra\llui\llscrolllistcell.h">
      <Filter>Header Files</Filter>
    </ClInclude>
    <ClInclude Include="C:\Users\steph\Desktop\singularity\singularity\indra\llui\llscrolllistcolumn.h">
      <Filter>Header Files</Filter>
    </ClInclude>
    <ClInclude Include="C:\Users\steph\Desktop\singularity\singularity\indra\llui\llscrolllistctrl.h">
      <Filter>Header Files</Filter>
    </ClInclude>
    <ClInclude Include="C:\Users\steph\Desktop\singularity\singularity\indra\llui\llscrolllistitem.h">
      <Filter>Header Files</Filter>
    </ClInclude>
    <ClInclude Include="C:\Users\steph\Desktop\singularity\singularity\indra\llui\llslider.h">
      <Filter>Header Files</Filter>
    </ClInclude>
    <ClInclude Include="C:\Users\steph\Desktop\singularity\singularity\indra\llui\llsliderctrl.h">
      <Filter>Header Files</Filter>
    </ClInclude>
    <ClInclude Include="C:\Users\steph\Desktop\singularity\singularity\indra\llui\llspinctrl.h">
      <Filter>Header Files</Filter>
    </ClInclude>
    <ClInclude Include="C:\Users\steph\Desktop\singularity\singularity\indra\llui\llstatbar.h">
      <Filter>Header Files</Filter>
    </ClInclude>
    <ClInclude Include="C:\Users\steph\Desktop\singularity\singularity\indra\llui\llstatgraph.h">
      <Filter>Header Files</Filter>
    </ClInclude>
    <ClInclude Include="C:\Users\steph\Desktop\singularity\singularity\indra\llui\llstatview.h">
      <Filter>Header Files</Filter>
    </ClInclude>
    <ClInclude Include="C:\Users\steph\Desktop\singularity\singularity\indra\llui\llstyle.h">
      <Filter>Header Files</Filter>
    </ClInclude>
    <ClInclude Include="C:\Users\steph\Desktop\singularity\singularity\indra\llui\lltabcontainer.h">
      <Filter>Header Files</Filter>
    </ClInclude>
    <ClInclude Include="C:\Users\steph\Desktop\singularity\singularity\indra\llui\lltextbox.h">
      <Filter>Header Files</Filter>
    </ClInclude>
    <ClInclude Include="C:\Users\steph\Desktop\singularity\singularity\indra\llui\lltexteditor.h">
      <Filter>Header Files</Filter>
    </ClInclude>
    <ClInclude Include="C:\Users\steph\Desktop\singularity\singularity\indra\llui\lltextparser.h">
      <Filter>Header Files</Filter>
    </ClInclude>
    <ClInclude Include="C:\Users\steph\Desktop\singularity\singularity\indra\llui\lltrans.h">
      <Filter>Header Files</Filter>
    </ClInclude>
    <ClInclude Include="C:\Users\steph\Desktop\singularity\singularity\indra\llui\llui.h">
      <Filter>Header Files</Filter>
    </ClInclude>
    <ClInclude Include="C:\Users\steph\Desktop\singularity\singularity\indra\llui\lluicolor.h">
      <Filter>Header Files</Filter>
    </ClInclude>
    <ClInclude Include="C:\Users\steph\Desktop\singularity\singularity\indra\llui\lluiconstants.h">
      <Filter>Header Files</Filter>
    </ClInclude>
    <ClInclude Include="C:\Users\steph\Desktop\singularity\singularity\indra\llui\lluictrl.h">
      <Filter>Header Files</Filter>
    </ClInclude>
    <ClInclude Include="C:\Users\steph\Desktop\singularity\singularity\indra\llui\lluictrlfactory.h">
      <Filter>Header Files</Filter>
    </ClInclude>
    <ClInclude Include="C:\Users\steph\Desktop\singularity\singularity\indra\llui\lluifwd.h">
      <Filter>Header Files</Filter>
    </ClInclude>
    <ClInclude Include="C:\Users\steph\Desktop\singularity\singularity\indra\llui\lluistring.h">
      <Filter>Header Files</Filter>
    </ClInclude>
    <ClInclude Include="C:\Users\steph\Desktop\singularity\singularity\indra\llui\lluixmltags.h">
      <Filter>Header Files</Filter>
    </ClInclude>
    <ClInclude Include="C:\Users\steph\Desktop\singularity\singularity\indra\llui\llundo.h">
      <Filter>Header Files</Filter>
    </ClInclude>
    <ClInclude Include="C:\Users\steph\Desktop\singularity\singularity\indra\llui\llurlaction.h">
      <Filter>Header Files</Filter>
    </ClInclude>
    <ClInclude Include="C:\Users\steph\Desktop\singularity\singularity\indra\llui\llurlentry.h">
      <Filter>Header Files</Filter>
    </ClInclude>
    <ClInclude Include="C:\Users\steph\Desktop\singularity\singularity\indra\llui\llurlmatch.h">
      <Filter>Header Files</Filter>
    </ClInclude>
    <ClInclude Include="C:\Users\steph\Desktop\singularity\singularity\indra\llui\llurlregistry.h">
      <Filter>Header Files</Filter>
    </ClInclude>
    <ClInclude Include="C:\Users\steph\Desktop\singularity\singularity\indra\llui\llview.h">
      <Filter>Header Files</Filter>
    </ClInclude>
    <ClInclude Include="C:\Users\steph\Desktop\singularity\singularity\indra\llui\llviewborder.h">
      <Filter>Header Files</Filter>
    </ClInclude>
    <ClInclude Include="C:\Users\steph\Desktop\singularity\singularity\indra\llui\llviewmodel.h">
      <Filter>Header Files</Filter>
    </ClInclude>
    <ClInclude Include="C:\Users\steph\Desktop\singularity\singularity\indra\llui\llviewquery.h">
      <Filter>Header Files</Filter>
    </ClInclude>
    <ClInclude Include="C:\Users\steph\Desktop\singularity\singularity\indra\llui\llxuiparser.h">
      <Filter>Header Files</Filter>
    </ClInclude>
  </ItemGroup>
  <ItemGroup>
    <CustomBuild Include="C:\Users\steph\Desktop\singularity\singularity\indra\llui\CMakeLists.txt" />
  </ItemGroup>
  <ItemGroup>
    <Filter Include="Source Files">
      <UniqueIdentifier>{D8612406-28B5-3B56-B0E4-23D1D3FF724D}</UniqueIdentifier>
    </Filter>
    <Filter Include="Header Files">
      <UniqueIdentifier>{910DB7EF-CA4B-3A92-89BE-08D2825FD589}</UniqueIdentifier>
    </Filter>
  </ItemGroup>
</Project>
