Microsoft Visual Studio Solution File, Format Version 12.00
# Visual Studio 14
Project("{8BC9CEB8-8B4A-11D0-8D11-00A0C91BC942}") = "ALL_BUILD", "ALL_BUILD.vcxproj", "{111FDD20-FD91-384E-AEAD-7D4AEFB88F21}"
	ProjectSection(ProjectDependencies) = postProject
		{D827D77F-A3F6-3B0D-AEA3-198885527A48} = {D827D77F-A3F6-3B0D-AEA3-198885527A48}
		{2219F058-C341-3F8D-82B8-B279A842490C} = {2219F058-C341-3F8D-82B8-B279A842490C}
	EndProjectSection
EndProject
Project("{8BC9CEB8-8B4A-11D0-8D11-00A0C91BC942}") = "ZERO_CHECK", "..\\ZERO_CHECK.vcxproj", "{D827D77F-A3F6-3B0D-AEA3-198885527A48}"
	ProjectSection(ProjectDependencies) = postProject
	EndProjectSection
EndProject
Project("{8BC9CEB8-8B4A-11D0-8D11-00A0C91BC942}") = "llappearance", "llappearance.vcxproj", "{2219F058-C341-3F8D-82B8-B279A842490C}"
	ProjectSection(ProjectDependencies) = postProject
		{D827D77F-A3F6-3B0D-AEA3-198885527A48} = {D827D77F-A3F6-3B0D-AEA3-198885527A48}
		{DAC02361-3A0D-3656-8E49-9C779594F6E5} = {DAC02361-3A0D-3656-8E49-9C779594F6E5}
		{B1BDB0EF-F74B-30E8-BB13-3D9A8D2726A6} = {B1BDB0EF-F74B-30E8-BB13-3D9A8D2726A6}
		{A9FC2E1D-97C5-3540-9084-10747C99F65A} = {A9FC2E1D-97C5-3540-9084-10747C99F65A}
		{0BEC7924-1622-37E6-B0BA-764B43C39C34} = {0BEC7924-1622-37E6-B0BA-764B43C39C34}
		{D5B29165-EC31-30BD-A71A-B08FD1DD7E99} = {D5B29165-EC31-30BD-A71A-B08FD1DD7E99}
		{1633C229-56F9-360D-BE81-B4145B7AEEF5} = {1633C229-56F9-360D-BE81-B4145B7AEEF5}
		{4BA9F318-E73A-37E9-A0B5-9EF90CDBCE9C} = {4BA9F318-E73A-37E9-A0B5-9EF90CDBCE9C}
		{7292C604-7439-3F78-B34F-6DE94D09445C} = {7292C604-7439-3F78-B34F-6DE94D09445C}
	EndProjectSection
EndProject
Project("{8BC9CEB8-8B4A-11D0-8D11-00A0C91BC942}") = "llcharacter", "..\llcharacter\llcharacter.vcxproj", "{DAC02361-3A0D-3656-8E49-9C779594F6E5}"
	ProjectSection(ProjectDependencies) = postProject
		{D827D77F-A3F6-3B0D-AEA3-198885527A48} = {D827D77F-A3F6-3B0D-AEA3-198885527A48}
	EndProjectSection
EndProject
Project("{8BC9CEB8-8B4A-11D0-8D11-00A0C91BC942}") = "llcommon", "..\llcommon\llcommon.vcxproj", "{B1BDB0EF-F74B-30E8-BB13-3D9A8D2726A6}"
	ProjectSection(ProjectDependencies) = postProject
		{D827D77F-A3F6-3B0D-AEA3-198885527A48} = {D827D77F-A3F6-3B0D-AEA3-198885527A48}
		{5D2C096A-8E1D-37B0-BAFA-48A22EF447E6} = {5D2C096A-8E1D-37B0-BAFA-48A22EF447E6}
	EndProjectSection
EndProject
Project("{8BC9CEB8-8B4A-11D0-8D11-00A0C91BC942}") = "llimage", "..\llimage\llimage.vcxproj", "{A9FC2E1D-97C5-3540-9084-10747C99F65A}"
	ProjectSection(ProjectDependencies) = postProject
		{D827D77F-A3F6-3B0D-AEA3-198885527A48} = {D827D77F-A3F6-3B0D-AEA3-198885527A48}
	EndProjectSection
EndProject
Project("{8BC9CEB8-8B4A-11D0-8D11-00A0C91BC942}") = "llinventory", "..\llinventory\llinventory.vcxproj", "{0BEC7924-1622-37E6-B0BA-764B43C39C34}"
	ProjectSection(ProjectDependencies) = postProject
		{D827D77F-A3F6-3B0D-AEA3-198885527A48} = {D827D77F-A3F6-3B0D-AEA3-198885527A48}
	EndProjectSection
EndProject
Project("{8BC9CEB8-8B4A-11D0-8D11-00A0C91BC942}") = "llmath", "..\llmath\llmath.vcxproj", "{D5B29165-EC31-30BD-A71A-B08FD1DD7E99}"
	ProjectSection(ProjectDependencies) = postProject
		{D827D77F-A3F6-3B0D-AEA3-198885527A48} = {D827D77F-A3F6-3B0D-AEA3-198885527A48}
	EndProjectSection
EndProject
Project("{8BC9CEB8-8B4A-11D0-8D11-00A0C91BC942}") = "llrender", "..\llrender\llrender.vcxproj", "{1633C229-56F9-360D-BE81-B4145B7AEEF5}"
	ProjectSection(ProjectDependencies) = postProject
		{D827D77F-A3F6-3B0D-AEA3-198885527A48} = {D827D77F-A3F6-3B0D-AEA3-198885527A48}
	EndProjectSection
EndProject
Project("{8BC9CEB8-8B4A-11D0-8D11-00A0C91BC942}") = "llvfs", "..\llvfs\llvfs.vcxproj", "{4BA9F318-E73A-37E9-A0B5-9EF90CDBCE9C}"
	ProjectSection(ProjectDependencies) = postProject
		{D827D77F-A3F6-3B0D-AEA3-198885527A48} = {D827D77F-A3F6-3B0D-AEA3-198885527A48}
	EndProjectSection
EndProject
Project("{8BC9CEB8-8B4A-11D0-8D11-00A0C91BC942}") = "llxml", "..\llxml\llxml.vcxproj", "{7292C604-7439-3F78-B34F-6DE94D09445C}"
	ProjectSection(ProjectDependencies) = postProject
		{D827D77F-A3F6-3B0D-AEA3-198885527A48} = {D827D77F-A3F6-3B0D-AEA3-198885527A48}
	EndProjectSection
EndProject
Project("{8BC9CEB8-8B4A-11D0-8D11-00A0C91BC942}") = "stage_third_party_libs", "..\llcommon\stage_third_party_libs.vcxproj", "{5D2C096A-8E1D-37B0-BAFA-48A22EF447E6}"
	ProjectSection(ProjectDependencies) = postProject
		{D827D77F-A3F6-3B0D-AEA3-198885527A48} = {D827D77F-A3F6-3B0D-AEA3-198885527A48}
	EndProjectSection
EndProject
Global
	GlobalSection(SolutionConfigurationPlatforms) = preSolution
		RelWithDebInfo|Win32 = RelWithDebInfo|Win32
		Release|Win32 = Release|Win32
		Debug|Win32 = Debug|Win32
	EndGlobalSection
	GlobalSection(ProjectConfigurationPlatforms) = postSolution
		{111FDD20-FD91-384E-AEAD-7D4AEFB88F21}.RelWithDebInfo|Win32.ActiveCfg = RelWithDebInfo|Win32
		{111FDD20-FD91-384E-AEAD-7D4AEFB88F21}.Release|Win32.ActiveCfg = Release|Win32
		{111FDD20-FD91-384E-AEAD-7D4AEFB88F21}.Debug|Win32.ActiveCfg = Debug|Win32
		{D827D77F-A3F6-3B0D-AEA3-198885527A48}.RelWithDebInfo|Win32.ActiveCfg = RelWithDebInfo|Win32
		{D827D77F-A3F6-3B0D-AEA3-198885527A48}.RelWithDebInfo|Win32.Build.0 = RelWithDebInfo|Win32
		{D827D77F-A3F6-3B0D-AEA3-198885527A48}.Release|Win32.ActiveCfg = Release|Win32
		{D827D77F-A3F6-3B0D-AEA3-198885527A48}.Release|Win32.Build.0 = Release|Win32
		{D827D77F-A3F6-3B0D-AEA3-198885527A48}.Debug|Win32.ActiveCfg = Debug|Win32
		{D827D77F-A3F6-3B0D-AEA3-198885527A48}.Debug|Win32.Build.0 = Debug|Win32
		{2219F058-C341-3F8D-82B8-B279A842490C}.RelWithDebInfo|Win32.ActiveCfg = RelWithDebInfo|Win32
		{2219F058-C341-3F8D-82B8-B279A842490C}.RelWithDebInfo|Win32.Build.0 = RelWithDebInfo|Win32
		{2219F058-C341-3F8D-82B8-B279A842490C}.Release|Win32.ActiveCfg = Release|Win32
		{2219F058-C341-3F8D-82B8-B279A842490C}.Release|Win32.Build.0 = Release|Win32
		{2219F058-C341-3F8D-82B8-B279A842490C}.Debug|Win32.ActiveCfg = Debug|Win32
		{2219F058-C341-3F8D-82B8-B279A842490C}.Debug|Win32.Build.0 = Debug|Win32
		{DAC02361-3A0D-3656-8E49-9C779594F6E5}.RelWithDebInfo|Win32.ActiveCfg = RelWithDebInfo|Win32
		{DAC02361-3A0D-3656-8E49-9C779594F6E5}.RelWithDebInfo|Win32.Build.0 = RelWithDebInfo|Win32
		{DAC02361-3A0D-3656-8E49-9C779594F6E5}.Release|Win32.ActiveCfg = Release|Win32
		{DAC02361-3A0D-3656-8E49-9C779594F6E5}.Release|Win32.Build.0 = Release|Win32
		{DAC02361-3A0D-3656-8E49-9C779594F6E5}.Debug|Win32.ActiveCfg = Debug|Win32
		{DAC02361-3A0D-3656-8E49-9C779594F6E5}.Debug|Win32.Build.0 = Debug|Win32
		{B1BDB0EF-F74B-30E8-BB13-3D9A8D2726A6}.RelWithDebInfo|Win32.ActiveCfg = RelWithDebInfo|Win32
		{B1BDB0EF-F74B-30E8-BB13-3D9A8D2726A6}.RelWithDebInfo|Win32.Build.0 = RelWithDebInfo|Win32
		{B1BDB0EF-F74B-30E8-BB13-3D9A8D2726A6}.Release|Win32.ActiveCfg = Release|Win32
		{B1BDB0EF-F74B-30E8-BB13-3D9A8D2726A6}.Release|Win32.Build.0 = Release|Win32
		{B1BDB0EF-F74B-30E8-BB13-3D9A8D2726A6}.Debug|Win32.ActiveCfg = Debug|Win32
		{B1BDB0EF-F74B-30E8-BB13-3D9A8D2726A6}.Debug|Win32.Build.0 = Debug|Win32
		{A9FC2E1D-97C5-3540-9084-10747C99F65A}.RelWithDebInfo|Win32.ActiveCfg = RelWithDebInfo|Win32
		{A9FC2E1D-97C5-3540-9084-10747C99F65A}.RelWithDebInfo|Win32.Build.0 = RelWithDebInfo|Win32
		{A9FC2E1D-97C5-3540-9084-10747C99F65A}.Release|Win32.ActiveCfg = Release|Win32
		{A9FC2E1D-97C5-3540-9084-10747C99F65A}.Release|Win32.Build.0 = Release|Win32
		{A9FC2E1D-97C5-3540-9084-10747C99F65A}.Debug|Win32.ActiveCfg = Debug|Win32
		{A9FC2E1D-97C5-3540-9084-10747C99F65A}.Debug|Win32.Build.0 = Debug|Win32
		{0BEC7924-1622-37E6-B0BA-764B43C39C34}.RelWithDebInfo|Win32.ActiveCfg = RelWithDebInfo|Win32
		{0BEC7924-1622-37E6-B0BA-764B43C39C34}.RelWithDebInfo|Win32.Build.0 = RelWithDebInfo|Win32
		{0BEC7924-1622-37E6-B0BA-764B43C39C34}.Release|Win32.ActiveCfg = Release|Win32
		{0BEC7924-1622-37E6-B0BA-764B43C39C34}.Release|Win32.Build.0 = Release|Win32
		{0BEC7924-1622-37E6-B0BA-764B43C39C34}.Debug|Win32.ActiveCfg = Debug|Win32
		{0BEC7924-1622-37E6-B0BA-764B43C39C34}.Debug|Win32.Build.0 = Debug|Win32
		{D5B29165-EC31-30BD-A71A-B08FD1DD7E99}.RelWithDebInfo|Win32.ActiveCfg = RelWithDebInfo|Win32
		{D5B29165-EC31-30BD-A71A-B08FD1DD7E99}.RelWithDebInfo|Win32.Build.0 = RelWithDebInfo|Win32
		{D5B29165-EC31-30BD-A71A-B08FD1DD7E99}.Release|Win32.ActiveCfg = Release|Win32
		{D5B29165-EC31-30BD-A71A-B08FD1DD7E99}.Release|Win32.Build.0 = Release|Win32
		{D5B29165-EC31-30BD-A71A-B08FD1DD7E99}.Debug|Win32.ActiveCfg = Debug|Win32
		{D5B29165-EC31-30BD-A71A-B08FD1DD7E99}.Debug|Win32.Build.0 = Debug|Win32
		{1633C229-56F9-360D-BE81-B4145B7AEEF5}.RelWithDebInfo|Win32.ActiveCfg = RelWithDebInfo|Win32
		{1633C229-56F9-360D-BE81-B4145B7AEEF5}.RelWithDebInfo|Win32.Build.0 = RelWithDebInfo|Win32
		{1633C229-56F9-360D-BE81-B4145B7AEEF5}.Release|Win32.ActiveCfg = Release|Win32
		{1633C229-56F9-360D-BE81-B4145B7AEEF5}.Release|Win32.Build.0 = Release|Win32
		{1633C229-56F9-360D-BE81-B4145B7AEEF5}.Debug|Win32.ActiveCfg = Debug|Win32
		{1633C229-56F9-360D-BE81-B4145B7AEEF5}.Debug|Win32.Build.0 = Debug|Win32
		{4BA9F318-E73A-37E9-A0B5-9EF90CDBCE9C}.RelWithDebInfo|Win32.ActiveCfg = RelWithDebInfo|Win32
		{4BA9F318-E73A-37E9-A0B5-9EF90CDBCE9C}.RelWithDebInfo|Win32.Build.0 = RelWithDebInfo|Win32
		{4BA9F318-E73A-37E9-A0B5-9EF90CDBCE9C}.Release|Win32.ActiveCfg = Release|Win32
		{4BA9F318-E73A-37E9-A0B5-9EF90CDBCE9C}.Release|Win32.Build.0 = Release|Win32
		{4BA9F318-E73A-37E9-A0B5-9EF90CDBCE9C}.Debug|Win32.ActiveCfg = Debug|Win32
		{4BA9F318-E73A-37E9-A0B5-9EF90CDBCE9C}.Debug|Win32.Build.0 = Debug|Win32
		{7292C604-7439-3F78-B34F-6DE94D09445C}.RelWithDebInfo|Win32.ActiveCfg = RelWithDebInfo|Win32
		{7292C604-7439-3F78-B34F-6DE94D09445C}.RelWithDebInfo|Win32.Build.0 = RelWithDebInfo|Win32
		{7292C604-7439-3F78-B34F-6DE94D09445C}.Release|Win32.ActiveCfg = Release|Win32
		{7292C604-7439-3F78-B34F-6DE94D09445C}.Release|Win32.Build.0 = Release|Win32
		{7292C604-7439-3F78-B34F-6DE94D09445C}.Debug|Win32.ActiveCfg = Debug|Win32
		{7292C604-7439-3F78-B34F-6DE94D09445C}.Debug|Win32.Build.0 = Debug|Win32
		{5D2C096A-8E1D-37B0-BAFA-48A22EF447E6}.RelWithDebInfo|Win32.ActiveCfg = RelWithDebInfo|Win32
		{5D2C096A-8E1D-37B0-BAFA-48A22EF447E6}.RelWithDebInfo|Win32.Build.0 = RelWithDebInfo|Win32
		{5D2C096A-8E1D-37B0-BAFA-48A22EF447E6}.Release|Win32.ActiveCfg = Release|Win32
		{5D2C096A-8E1D-37B0-BAFA-48A22EF447E6}.Release|Win32.Build.0 = Release|Win32
		{5D2C096A-8E1D-37B0-BAFA-48A22EF447E6}.Debug|Win32.ActiveCfg = Debug|Win32
		{5D2C096A-8E1D-37B0-BAFA-48A22EF447E6}.Debug|Win32.Build.0 = Debug|Win32
	EndGlobalSection
	GlobalSection(ExtensibilityGlobals) = postSolution
	EndGlobalSection
	GlobalSection(ExtensibilityAddIns) = postSolution
	EndGlobalSection
EndGlobal
