<?xml version="1.0" encoding="UTF-8"?>
<Project ToolsVersion="14.0" xmlns="http://schemas.microsoft.com/developer/msbuild/2003">
  <ItemGroup>
    <ClCompile Include="C:\Users\steph\Desktop\singularity\singularity\indra\llappearance\llavatarappearance.cpp">
      <Filter>Source Files</Filter>
    </ClCompile>
    <ClCompile Include="C:\Users\steph\Desktop\singularity\singularity\indra\llappearance\llavatarjoint.cpp">
      <Filter>Source Files</Filter>
    </ClCompile>
    <ClCompile Include="C:\Users\steph\Desktop\singularity\singularity\indra\llappearance\llavatarjointmesh.cpp">
      <Filter>Source Files</Filter>
    </ClCompile>
    <ClCompile Include="C:\Users\steph\Desktop\singularity\singularity\indra\llappearance\lldriverparam.cpp">
      <Filter>Source Files</Filter>
    </ClCompile>
    <ClCompile Include="C:\Users\steph\Desktop\singularity\singularity\indra\llappearance\lllocaltextureobject.cpp">
      <Filter>Source Files</Filter>
    </ClCompile>
    <ClCompile Include="C:\Users\steph\Desktop\singularity\singularity\indra\llappearance\llpolyskeletaldistortion.cpp">
      <Filter>Source Files</Filter>
    </ClCompile>
    <ClCompile Include="C:\Users\steph\Desktop\singularity\singularity\indra\llappearance\llpolymesh.cpp">
      <Filter>Source Files</Filter>
    </ClCompile>
    <ClCompile Include="C:\Users\steph\Desktop\singularity\singularity\indra\llappearance\llpolymorph.cpp">
      <Filter>Source Files</Filter>
    </ClCompile>
    <ClCompile Include="C:\Users\steph\Desktop\singularity\singularity\indra\llappearance\lltexglobalcolor.cpp">
      <Filter>Source Files</Filter>
    </ClCompile>
    <ClCompile Include="C:\Users\steph\Desktop\singularity\singularity\indra\llappearance\lltexlayer.cpp">
      <Filter>Source Files</Filter>
    </ClCompile>
    <ClCompile Include="C:\Users\steph\Desktop\singularity\singularity\indra\llappearance\lltexlayerparams.cpp">
      <Filter>Source Files</Filter>
    </ClCompile>
    <ClCompile Include="C:\Users\steph\Desktop\singularity\singularity\indra\llappearance\lltexturemanagerbridge.cpp">
      <Filter>Source Files</Filter>
    </ClCompile>
    <ClCompile Include="C:\Users\steph\Desktop\singularity\singularity\indra\llappearance\llwearable.cpp">
      <Filter>Source Files</Filter>
    </ClCompile>
    <ClCompile Include="C:\Users\steph\Desktop\singularity\singularity\indra\llappearance\llwearabledata.cpp">
      <Filter>Source Files</Filter>
    </ClCompile>
    <ClCompile Include="C:\Users\steph\Desktop\singularity\singularity\indra\llappearance\llwearabletype.cpp">
      <Filter>Source Files</Filter>
    </ClCompile>
    <ClCompile Include="C:\Users\steph\Desktop\singularity\singularity\indra\llappearance\llviewervisualparam.cpp">
      <Filter>Source Files</Filter>
    </ClCompile>
    <ClCompile Include="C:\Users\steph\Desktop\singularity\singularity\indra\llappearance\llavatarappearancedefines.cpp">
      <Filter>Source Files</Filter>
    </ClCompile>
  </ItemGroup>
  <ItemGroup>
    <ClInclude Include="C:\Users\steph\Desktop\singularity\singularity\indra\llappearance\llavatarappearance.h">
      <Filter>Header Files</Filter>
    </ClInclude>
    <ClInclude Include="C:\Users\steph\Desktop\singularity\singularity\indra\llappearance\llavatarjoint.h">
      <Filter>Header Files</Filter>
    </ClInclude>
    <ClInclude Include="C:\Users\steph\Desktop\singularity\singularity\indra\llappearance\llavatarjointmesh.h">
      <Filter>Header Files</Filter>
    </ClInclude>
    <ClInclude Include="C:\Users\steph\Desktop\singularity\singularity\indra\llappearance\lldriverparam.h">
      <Filter>Header Files</Filter>
    </ClInclude>
    <ClInclude Include="C:\Users\steph\Desktop\singularity\singularity\indra\llappearance\lljointpickname.h">
      <Filter>Header Files</Filter>
    </ClInclude>
    <ClInclude Include="C:\Users\steph\Desktop\singularity\singularity\indra\llappearance\lllocaltextureobject.h">
      <Filter>Header Files</Filter>
    </ClInclude>
    <ClInclude Include="C:\Users\steph\Desktop\singularity\singularity\indra\llappearance\llpolyskeletaldistortion.h">
      <Filter>Header Files</Filter>
    </ClInclude>
    <ClInclude Include="C:\Users\steph\Desktop\singularity\singularity\indra\llappearance\llpolymesh.h">
      <Filter>Header Files</Filter>
    </ClInclude>
    <ClInclude Include="C:\Users\steph\Desktop\singularity\singularity\indra\llappearance\llpolymorph.h">
      <Filter>Header Files</Filter>
    </ClInclude>
    <ClInclude Include="C:\Users\steph\Desktop\singularity\singularity\indra\llappearance\lltexglobalcolor.h">
      <Filter>Header Files</Filter>
    </ClInclude>
    <ClInclude Include="C:\Users\steph\Desktop\singularity\singularity\indra\llappearance\lltexlayer.h">
      <Filter>Header Files</Filter>
    </ClInclude>
    <ClInclude Include="C:\Users\steph\Desktop\singularity\singularity\indra\llappearance\lltexlayerparams.h">
      <Filter>Header Files</Filter>
    </ClInclude>
    <ClInclude Include="C:\Users\steph\Desktop\singularity\singularity\indra\llappearance\lltexturemanagerbridge.h">
      <Filter>Header Files</Filter>
    </ClInclude>
    <ClInclude Include="C:\Users\steph\Desktop\singularity\singularity\indra\llappearance\llwearable.h">
      <Filter>Header Files</Filter>
    </ClInclude>
    <ClInclude Include="C:\Users\steph\Desktop\singularity\singularity\indra\llappearance\llwearabledata.h">
      <Filter>Header Files</Filter>
    </ClInclude>
    <ClInclude Include="C:\Users\steph\Desktop\singularity\singularity\indra\llappearance\llwearabletype.h">
      <Filter>Header Files</Filter>
    </ClInclude>
    <ClInclude Include="C:\Users\steph\Desktop\singularity\singularity\indra\llappearance\llviewervisualparam.h">
      <Filter>Header Files</Filter>
    </ClInclude>
    <ClInclude Include="C:\Users\steph\Desktop\singularity\singularity\indra\llappearance\llavatarappearancedefines.h">
      <Filter>Header Files</Filter>
    </ClInclude>
  </ItemGroup>
  <ItemGroup>
    <CustomBuild Include="C:\Users\steph\Desktop\singularity\singularity\indra\llappearance\CMakeLists.txt" />
  </ItemGroup>
  <ItemGroup>
    <Filter Include="Source Files">
      <UniqueIdentifier>{D8612406-28B5-3B56-B0E4-23D1D3FF724D}</UniqueIdentifier>
    </Filter>
    <Filter Include="Header Files">
      <UniqueIdentifier>{910DB7EF-CA4B-3A92-89BE-08D2825FD589}</UniqueIdentifier>
    </Filter>
  </ItemGroup>
</Project>
