<?xml version="1.0" encoding="UTF-8"?>
<Project ToolsVersion="14.0" xmlns="http://schemas.microsoft.com/developer/msbuild/2003">
  <ItemGroup>
    <ClCompile Include="C:\Users\steph\Desktop\singularity\singularity\indra\libopenjpeg\bio.c">
      <Filter>Source Files</Filter>
    </ClCompile>
    <ClCompile Include="C:\Users\steph\Desktop\singularity\singularity\indra\libopenjpeg\cidx_manager.c">
      <Filter>Source Files</Filter>
    </ClCompile>
    <ClCompile Include="C:\Users\steph\Desktop\singularity\singularity\indra\libopenjpeg\cio.c">
      <Filter>Source Files</Filter>
    </ClCompile>
    <ClCompile Include="C:\Users\steph\Desktop\singularity\singularity\indra\libopenjpeg\dwt.c">
      <Filter>Source Files</Filter>
    </ClCompile>
    <ClCompile Include="C:\Users\steph\Desktop\singularity\singularity\indra\libopenjpeg\event.c">
      <Filter>Source Files</Filter>
    </ClCompile>
    <ClCompile Include="C:\Users\steph\Desktop\singularity\singularity\indra\libopenjpeg\image.c">
      <Filter>Source Files</Filter>
    </ClCompile>
    <ClCompile Include="C:\Users\steph\Desktop\singularity\singularity\indra\libopenjpeg\j2k.c">
      <Filter>Source Files</Filter>
    </ClCompile>
    <ClCompile Include="C:\Users\steph\Desktop\singularity\singularity\indra\libopenjpeg\j2k_lib.c">
      <Filter>Source Files</Filter>
    </ClCompile>
    <ClCompile Include="C:\Users\steph\Desktop\singularity\singularity\indra\libopenjpeg\jp2.c">
      <Filter>Source Files</Filter>
    </ClCompile>
    <ClCompile Include="C:\Users\steph\Desktop\singularity\singularity\indra\libopenjpeg\jpt.c">
      <Filter>Source Files</Filter>
    </ClCompile>
    <ClCompile Include="C:\Users\steph\Desktop\singularity\singularity\indra\libopenjpeg\mct.c">
      <Filter>Source Files</Filter>
    </ClCompile>
    <ClCompile Include="C:\Users\steph\Desktop\singularity\singularity\indra\libopenjpeg\mqc.c">
      <Filter>Source Files</Filter>
    </ClCompile>
    <ClCompile Include="C:\Users\steph\Desktop\singularity\singularity\indra\libopenjpeg\openjpeg.c">
      <Filter>Source Files</Filter>
    </ClCompile>
    <ClCompile Include="C:\Users\steph\Desktop\singularity\singularity\indra\libopenjpeg\phix_manager.c">
      <Filter>Source Files</Filter>
    </ClCompile>
    <ClCompile Include="C:\Users\steph\Desktop\singularity\singularity\indra\libopenjpeg\pi.c">
      <Filter>Source Files</Filter>
    </ClCompile>
    <ClCompile Include="C:\Users\steph\Desktop\singularity\singularity\indra\libopenjpeg\ppix_manager.c">
      <Filter>Source Files</Filter>
    </ClCompile>
    <ClCompile Include="C:\Users\steph\Desktop\singularity\singularity\indra\libopenjpeg\raw.c">
      <Filter>Source Files</Filter>
    </ClCompile>
    <ClCompile Include="C:\Users\steph\Desktop\singularity\singularity\indra\libopenjpeg\t1.c">
      <Filter>Source Files</Filter>
    </ClCompile>
    <ClCompile Include="C:\Users\steph\Desktop\singularity\singularity\indra\libopenjpeg\t2.c">
      <Filter>Source Files</Filter>
    </ClCompile>
    <ClCompile Include="C:\Users\steph\Desktop\singularity\singularity\indra\libopenjpeg\tcd.c">
      <Filter>Source Files</Filter>
    </ClCompile>
    <ClCompile Include="C:\Users\steph\Desktop\singularity\singularity\indra\libopenjpeg\tgt.c">
      <Filter>Source Files</Filter>
    </ClCompile>
    <ClCompile Include="C:\Users\steph\Desktop\singularity\singularity\indra\libopenjpeg\thix_manager.c">
      <Filter>Source Files</Filter>
    </ClCompile>
    <ClCompile Include="C:\Users\steph\Desktop\singularity\singularity\indra\libopenjpeg\tpix_manager.c">
      <Filter>Source Files</Filter>
    </ClCompile>
  </ItemGroup>
  <ItemGroup>
    <ClInclude Include="C:\Users\steph\Desktop\singularity\singularity\indra\libopenjpeg\bio.h">
      <Filter>Header Files</Filter>
    </ClInclude>
    <ClInclude Include="C:\Users\steph\Desktop\singularity\singularity\indra\libopenjpeg\cidx_manager.h">
      <Filter>Header Files</Filter>
    </ClInclude>
    <ClInclude Include="C:\Users\steph\Desktop\singularity\singularity\indra\libopenjpeg\cio.h">
      <Filter>Header Files</Filter>
    </ClInclude>
    <ClInclude Include="C:\Users\steph\Desktop\singularity\singularity\indra\libopenjpeg\dwt.h">
      <Filter>Header Files</Filter>
    </ClInclude>
    <ClInclude Include="C:\Users\steph\Desktop\singularity\singularity\indra\libopenjpeg\event.h">
      <Filter>Header Files</Filter>
    </ClInclude>
    <ClInclude Include="C:\Users\steph\Desktop\singularity\singularity\indra\libopenjpeg\fix.h">
      <Filter>Header Files</Filter>
    </ClInclude>
    <ClInclude Include="C:\Users\steph\Desktop\singularity\singularity\indra\libopenjpeg\image.h">
      <Filter>Header Files</Filter>
    </ClInclude>
    <ClInclude Include="C:\Users\steph\Desktop\singularity\singularity\indra\libopenjpeg\indexbox_manager.h">
      <Filter>Header Files</Filter>
    </ClInclude>
    <ClInclude Include="C:\Users\steph\Desktop\singularity\singularity\indra\libopenjpeg\int.h">
      <Filter>Header Files</Filter>
    </ClInclude>
    <ClInclude Include="C:\Users\steph\Desktop\singularity\singularity\indra\libopenjpeg\j2k.h">
      <Filter>Header Files</Filter>
    </ClInclude>
    <ClInclude Include="C:\Users\steph\Desktop\singularity\singularity\indra\libopenjpeg\j2k_lib.h">
      <Filter>Header Files</Filter>
    </ClInclude>
    <ClInclude Include="C:\Users\steph\Desktop\singularity\singularity\indra\libopenjpeg\jp2.h">
      <Filter>Header Files</Filter>
    </ClInclude>
    <ClInclude Include="C:\Users\steph\Desktop\singularity\singularity\indra\libopenjpeg\jpt.h">
      <Filter>Header Files</Filter>
    </ClInclude>
    <ClInclude Include="C:\Users\steph\Desktop\singularity\singularity\indra\libopenjpeg\mct.h">
      <Filter>Header Files</Filter>
    </ClInclude>
    <ClInclude Include="C:\Users\steph\Desktop\singularity\singularity\indra\libopenjpeg\mqc.h">
      <Filter>Header Files</Filter>
    </ClInclude>
    <ClInclude Include="C:\Users\steph\Desktop\singularity\singularity\indra\libopenjpeg\openjpeg.h">
      <Filter>Header Files</Filter>
    </ClInclude>
    <ClInclude Include="C:\Users\steph\Desktop\singularity\singularity\indra\libopenjpeg\opj_config.h">
      <Filter>Header Files</Filter>
    </ClInclude>
    <ClInclude Include="C:\Users\steph\Desktop\singularity\singularity\indra\libopenjpeg\opj_includes.h">
      <Filter>Header Files</Filter>
    </ClInclude>
    <ClInclude Include="C:\Users\steph\Desktop\singularity\singularity\indra\libopenjpeg\opj_malloc.h">
      <Filter>Header Files</Filter>
    </ClInclude>
    <ClInclude Include="C:\Users\steph\Desktop\singularity\singularity\indra\libopenjpeg\pi.h">
      <Filter>Header Files</Filter>
    </ClInclude>
    <ClInclude Include="C:\Users\steph\Desktop\singularity\singularity\indra\libopenjpeg\raw.h">
      <Filter>Header Files</Filter>
    </ClInclude>
    <ClInclude Include="C:\Users\steph\Desktop\singularity\singularity\indra\libopenjpeg\t1.h">
      <Filter>Header Files</Filter>
    </ClInclude>
    <ClInclude Include="C:\Users\steph\Desktop\singularity\singularity\indra\libopenjpeg\t1_luts.h">
      <Filter>Header Files</Filter>
    </ClInclude>
    <ClInclude Include="C:\Users\steph\Desktop\singularity\singularity\indra\libopenjpeg\t2.h">
      <Filter>Header Files</Filter>
    </ClInclude>
    <ClInclude Include="C:\Users\steph\Desktop\singularity\singularity\indra\libopenjpeg\tcd.h">
      <Filter>Header Files</Filter>
    </ClInclude>
    <ClInclude Include="C:\Users\steph\Desktop\singularity\singularity\indra\libopenjpeg\tgt.h">
      <Filter>Header Files</Filter>
    </ClInclude>
  </ItemGroup>
  <ItemGroup>
    <CustomBuild Include="C:\Users\steph\Desktop\singularity\singularity\indra\libopenjpeg\CMakeLists.txt" />
  </ItemGroup>
  <ItemGroup>
    <Filter Include="Source Files">
      <UniqueIdentifier>{D8612406-28B5-3B56-B0E4-23D1D3FF724D}</UniqueIdentifier>
    </Filter>
    <Filter Include="Header Files">
      <UniqueIdentifier>{910DB7EF-CA4B-3A92-89BE-08D2825FD589}</UniqueIdentifier>
    </Filter>
  </ItemGroup>
</Project>
