Microsoft Visual Studio Solution File, Format Version 12.00
# Visual Studio 14
Project("{8BC9CEB8-8B4A-11D0-8D11-00A0C91BC942}") = "ALL_BUILD", "ALL_BUILD.vcxproj", "{111FDD20-FD91-384E-AEAD-7D4AEFB88F21}"
	ProjectSection(ProjectDependencies) = postProject
		{D827D77F-A3F6-3B0D-AEA3-198885527A48} = {D827D77F-A3F6-3B0D-AEA3-198885527A48}
		{04D7D508-D31D-3C4A-88DD-7570056BBEA8} = {04D7D508-D31D-3C4A-88DD-7570056BBEA8}
	EndProjectSection
EndProject
Project("{8BC9CEB8-8B4A-11D0-8D11-00A0C91BC942}") = "ZERO_CHECK", "..\..\\ZERO_CHECK.vcxproj", "{D827D77F-A3F6-3B0D-AEA3-198885527A48}"
	ProjectSection(ProjectDependencies) = postProject
	EndProjectSection
EndProject
Project("{8BC9CEB8-8B4A-11D0-8D11-00A0C91BC942}") = "basic_plugin_base", "..\base_basic\basic_plugin_base.vcxproj", "{CF83ECDD-A1DE-3DDE-A35C-23B6985C8E7F}"
	ProjectSection(ProjectDependencies) = postProject
		{D827D77F-A3F6-3B0D-AEA3-198885527A48} = {D827D77F-A3F6-3B0D-AEA3-198885527A48}
	EndProjectSection
EndProject
Project("{8BC9CEB8-8B4A-11D0-8D11-00A0C91BC942}") = "basic_plugin_filepicker", "basic_plugin_filepicker.vcxproj", "{04D7D508-D31D-3C4A-88DD-7570056BBEA8}"
	ProjectSection(ProjectDependencies) = postProject
		{D827D77F-A3F6-3B0D-AEA3-198885527A48} = {D827D77F-A3F6-3B0D-AEA3-198885527A48}
		{CF83ECDD-A1DE-3DDE-A35C-23B6985C8E7F} = {CF83ECDD-A1DE-3DDE-A35C-23B6985C8E7F}
		{B1BDB0EF-F74B-30E8-BB13-3D9A8D2726A6} = {B1BDB0EF-F74B-30E8-BB13-3D9A8D2726A6}
		{31509BD8-8955-39D8-8A92-5ACFD56B8319} = {31509BD8-8955-39D8-8A92-5ACFD56B8319}
	EndProjectSection
EndProject
Project("{8BC9CEB8-8B4A-11D0-8D11-00A0C91BC942}") = "llcommon", "..\..\llcommon\llcommon.vcxproj", "{B1BDB0EF-F74B-30E8-BB13-3D9A8D2726A6}"
	ProjectSection(ProjectDependencies) = postProject
		{D827D77F-A3F6-3B0D-AEA3-198885527A48} = {D827D77F-A3F6-3B0D-AEA3-198885527A48}
		{5D2C096A-8E1D-37B0-BAFA-48A22EF447E6} = {5D2C096A-8E1D-37B0-BAFA-48A22EF447E6}
	EndProjectSection
EndProject
Project("{8BC9CEB8-8B4A-11D0-8D11-00A0C91BC942}") = "llplugin", "..\..\llplugin\llplugin.vcxproj", "{31509BD8-8955-39D8-8A92-5ACFD56B8319}"
	ProjectSection(ProjectDependencies) = postProject
		{D827D77F-A3F6-3B0D-AEA3-198885527A48} = {D827D77F-A3F6-3B0D-AEA3-198885527A48}
	EndProjectSection
EndProject
Project("{8BC9CEB8-8B4A-11D0-8D11-00A0C91BC942}") = "stage_third_party_libs", "..\..\llcommon\stage_third_party_libs.vcxproj", "{5D2C096A-8E1D-37B0-BAFA-48A22EF447E6}"
	ProjectSection(ProjectDependencies) = postProject
		{D827D77F-A3F6-3B0D-AEA3-198885527A48} = {D827D77F-A3F6-3B0D-AEA3-198885527A48}
	EndProjectSection
EndProject
Global
	GlobalSection(SolutionConfigurationPlatforms) = preSolution
		RelWithDebInfo|Win32 = RelWithDebInfo|Win32
		Release|Win32 = Release|Win32
		Debug|Win32 = Debug|Win32
	EndGlobalSection
	GlobalSection(ProjectConfigurationPlatforms) = postSolution
		{111FDD20-FD91-384E-AEAD-7D4AEFB88F21}.RelWithDebInfo|Win32.ActiveCfg = RelWithDebInfo|Win32
		{111FDD20-FD91-384E-AEAD-7D4AEFB88F21}.Release|Win32.ActiveCfg = Release|Win32
		{111FDD20-FD91-384E-AEAD-7D4AEFB88F21}.Debug|Win32.ActiveCfg = Debug|Win32
		{D827D77F-A3F6-3B0D-AEA3-198885527A48}.RelWithDebInfo|Win32.ActiveCfg = RelWithDebInfo|Win32
		{D827D77F-A3F6-3B0D-AEA3-198885527A48}.RelWithDebInfo|Win32.Build.0 = RelWithDebInfo|Win32
		{D827D77F-A3F6-3B0D-AEA3-198885527A48}.Release|Win32.ActiveCfg = Release|Win32
		{D827D77F-A3F6-3B0D-AEA3-198885527A48}.Release|Win32.Build.0 = Release|Win32
		{D827D77F-A3F6-3B0D-AEA3-198885527A48}.Debug|Win32.ActiveCfg = Debug|Win32
		{D827D77F-A3F6-3B0D-AEA3-198885527A48}.Debug|Win32.Build.0 = Debug|Win32
		{CF83ECDD-A1DE-3DDE-A35C-23B6985C8E7F}.RelWithDebInfo|Win32.ActiveCfg = RelWithDebInfo|Win32
		{CF83ECDD-A1DE-3DDE-A35C-23B6985C8E7F}.RelWithDebInfo|Win32.Build.0 = RelWithDebInfo|Win32
		{CF83ECDD-A1DE-3DDE-A35C-23B6985C8E7F}.Release|Win32.ActiveCfg = Release|Win32
		{CF83ECDD-A1DE-3DDE-A35C-23B6985C8E7F}.Release|Win32.Build.0 = Release|Win32
		{CF83ECDD-A1DE-3DDE-A35C-23B6985C8E7F}.Debug|Win32.ActiveCfg = Debug|Win32
		{CF83ECDD-A1DE-3DDE-A35C-23B6985C8E7F}.Debug|Win32.Build.0 = Debug|Win32
		{04D7D508-D31D-3C4A-88DD-7570056BBEA8}.RelWithDebInfo|Win32.ActiveCfg = RelWithDebInfo|Win32
		{04D7D508-D31D-3C4A-88DD-7570056BBEA8}.RelWithDebInfo|Win32.Build.0 = RelWithDebInfo|Win32
		{04D7D508-D31D-3C4A-88DD-7570056BBEA8}.Release|Win32.ActiveCfg = Release|Win32
		{04D7D508-D31D-3C4A-88DD-7570056BBEA8}.Release|Win32.Build.0 = Release|Win32
		{04D7D508-D31D-3C4A-88DD-7570056BBEA8}.Debug|Win32.ActiveCfg = Debug|Win32
		{04D7D508-D31D-3C4A-88DD-7570056BBEA8}.Debug|Win32.Build.0 = Debug|Win32
		{B1BDB0EF-F74B-30E8-BB13-3D9A8D2726A6}.RelWithDebInfo|Win32.ActiveCfg = RelWithDebInfo|Win32
		{B1BDB0EF-F74B-30E8-BB13-3D9A8D2726A6}.RelWithDebInfo|Win32.Build.0 = RelWithDebInfo|Win32
		{B1BDB0EF-F74B-30E8-BB13-3D9A8D2726A6}.Release|Win32.ActiveCfg = Release|Win32
		{B1BDB0EF-F74B-30E8-BB13-3D9A8D2726A6}.Release|Win32.Build.0 = Release|Win32
		{B1BDB0EF-F74B-30E8-BB13-3D9A8D2726A6}.Debug|Win32.ActiveCfg = Debug|Win32
		{B1BDB0EF-F74B-30E8-BB13-3D9A8D2726A6}.Debug|Win32.Build.0 = Debug|Win32
		{31509BD8-8955-39D8-8A92-5ACFD56B8319}.RelWithDebInfo|Win32.ActiveCfg = RelWithDebInfo|Win32
		{31509BD8-8955-39D8-8A92-5ACFD56B8319}.RelWithDebInfo|Win32.Build.0 = RelWithDebInfo|Win32
		{31509BD8-8955-39D8-8A92-5ACFD56B8319}.Release|Win32.ActiveCfg = Release|Win32
		{31509BD8-8955-39D8-8A92-5ACFD56B8319}.Release|Win32.Build.0 = Release|Win32
		{31509BD8-8955-39D8-8A92-5ACFD56B8319}.Debug|Win32.ActiveCfg = Debug|Win32
		{31509BD8-8955-39D8-8A92-5ACFD56B8319}.Debug|Win32.Build.0 = Debug|Win32
		{5D2C096A-8E1D-37B0-BAFA-48A22EF447E6}.RelWithDebInfo|Win32.ActiveCfg = RelWithDebInfo|Win32
		{5D2C096A-8E1D-37B0-BAFA-48A22EF447E6}.RelWithDebInfo|Win32.Build.0 = RelWithDebInfo|Win32
		{5D2C096A-8E1D-37B0-BAFA-48A22EF447E6}.Release|Win32.ActiveCfg = Release|Win32
		{5D2C096A-8E1D-37B0-BAFA-48A22EF447E6}.Release|Win32.Build.0 = Release|Win32
		{5D2C096A-8E1D-37B0-BAFA-48A22EF447E6}.Debug|Win32.ActiveCfg = Debug|Win32
		{5D2C096A-8E1D-37B0-BAFA-48A22EF447E6}.Debug|Win32.Build.0 = Debug|Win32
	EndGlobalSection
	GlobalSection(ExtensibilityGlobals) = postSolution
	EndGlobalSection
	GlobalSection(ExtensibilityAddIns) = postSolution
	EndGlobalSection
EndGlobal
