<?xml version="1.0" encoding="UTF-8"?>
<Project ToolsVersion="14.0" xmlns="http://schemas.microsoft.com/developer/msbuild/2003">
  <ItemGroup>
    <ClCompile Include="C:\Users\steph\Desktop\singularity\singularity\indra\llmessage\aiaverage.cpp">
      <Filter>Source Files</Filter>
    </ClCompile>
    <ClCompile Include="C:\Users\steph\Desktop\singularity\singularity\indra\llmessage\aicurl.cpp">
      <Filter>Source Files</Filter>
    </ClCompile>
    <ClCompile Include="C:\Users\steph\Desktop\singularity\singularity\indra\llmessage\aicurleasyrequeststatemachine.cpp">
      <Filter>Source Files</Filter>
    </ClCompile>
    <ClCompile Include="C:\Users\steph\Desktop\singularity\singularity\indra\llmessage\aicurlperservice.cpp">
      <Filter>Source Files</Filter>
    </ClCompile>
    <ClCompile Include="C:\Users\steph\Desktop\singularity\singularity\indra\llmessage\aicurlthread.cpp">
      <Filter>Source Files</Filter>
    </ClCompile>
    <ClCompile Include="C:\Users\steph\Desktop\singularity\singularity\indra\llmessage\aicurltimer.cpp">
      <Filter>Source Files</Filter>
    </ClCompile>
    <ClCompile Include="C:\Users\steph\Desktop\singularity\singularity\indra\llmessage\aihttpheaders.cpp">
      <Filter>Source Files</Filter>
    </ClCompile>
    <ClCompile Include="C:\Users\steph\Desktop\singularity\singularity\indra\llmessage\aihttptimeout.cpp">
      <Filter>Source Files</Filter>
    </ClCompile>
    <ClCompile Include="C:\Users\steph\Desktop\singularity\singularity\indra\llmessage\aihttptimeoutpolicy.cpp">
      <Filter>Source Files</Filter>
    </ClCompile>
    <ClCompile Include="C:\Users\steph\Desktop\singularity\singularity\indra\llmessage\debug_libcurl.cpp">
      <Filter>Source Files</Filter>
    </ClCompile>
    <ClCompile Include="C:\Users\steph\Desktop\singularity\singularity\indra\llmessage\llares.cpp">
      <Filter>Source Files</Filter>
    </ClCompile>
    <ClCompile Include="C:\Users\steph\Desktop\singularity\singularity\indra\llmessage\llareslistener.cpp">
      <Filter>Source Files</Filter>
    </ClCompile>
    <ClCompile Include="C:\Users\steph\Desktop\singularity\singularity\indra\llmessage\llassetstorage.cpp">
      <Filter>Source Files</Filter>
    </ClCompile>
    <ClCompile Include="C:\Users\steph\Desktop\singularity\singularity\indra\llmessage\llavatarname.cpp">
      <Filter>Source Files</Filter>
    </ClCompile>
    <ClCompile Include="C:\Users\steph\Desktop\singularity\singularity\indra\llmessage\llavatarnamecache.cpp">
      <Filter>Source Files</Filter>
    </ClCompile>
    <ClCompile Include="C:\Users\steph\Desktop\singularity\singularity\indra\llmessage\llblowfishcipher.cpp">
      <Filter>Source Files</Filter>
    </ClCompile>
    <ClCompile Include="C:\Users\steph\Desktop\singularity\singularity\indra\llmessage\llbuffer.cpp">
      <Filter>Source Files</Filter>
    </ClCompile>
    <ClCompile Include="C:\Users\steph\Desktop\singularity\singularity\indra\llmessage\llbufferstream.cpp">
      <Filter>Source Files</Filter>
    </ClCompile>
    <ClCompile Include="C:\Users\steph\Desktop\singularity\singularity\indra\llmessage\llcachename.cpp">
      <Filter>Source Files</Filter>
    </ClCompile>
    <ClCompile Include="C:\Users\steph\Desktop\singularity\singularity\indra\llmessage\llchainio.cpp">
      <Filter>Source Files</Filter>
    </ClCompile>
    <ClCompile Include="C:\Users\steph\Desktop\singularity\singularity\indra\llmessage\llcircuit.cpp">
      <Filter>Source Files</Filter>
    </ClCompile>
    <ClCompile Include="C:\Users\steph\Desktop\singularity\singularity\indra\llmessage\llclassifiedflags.cpp">
      <Filter>Source Files</Filter>
    </ClCompile>
    <ClCompile Include="C:\Users\steph\Desktop\singularity\singularity\indra\llmessage\lldatapacker.cpp">
      <Filter>Source Files</Filter>
    </ClCompile>
    <ClCompile Include="C:\Users\steph\Desktop\singularity\singularity\indra\llmessage\lldispatcher.cpp">
      <Filter>Source Files</Filter>
    </ClCompile>
    <ClCompile Include="C:\Users\steph\Desktop\singularity\singularity\indra\llmessage\llfiltersd2xmlrpc.cpp">
      <Filter>Source Files</Filter>
    </ClCompile>
    <ClCompile Include="C:\Users\steph\Desktop\singularity\singularity\indra\llmessage\llhost.cpp">
      <Filter>Source Files</Filter>
    </ClCompile>
    <ClCompile Include="C:\Users\steph\Desktop\singularity\singularity\indra\llmessage\llhttpclient.cpp">
      <Filter>Source Files</Filter>
    </ClCompile>
    <ClCompile Include="C:\Users\steph\Desktop\singularity\singularity\indra\llmessage\llhttpnode.cpp">
      <Filter>Source Files</Filter>
    </ClCompile>
    <ClCompile Include="C:\Users\steph\Desktop\singularity\singularity\indra\llmessage\llhttpsender.cpp">
      <Filter>Source Files</Filter>
    </ClCompile>
    <ClCompile Include="C:\Users\steph\Desktop\singularity\singularity\indra\llmessage\llinstantmessage.cpp">
      <Filter>Source Files</Filter>
    </ClCompile>
    <ClCompile Include="C:\Users\steph\Desktop\singularity\singularity\indra\llmessage\lliobuffer.cpp">
      <Filter>Source Files</Filter>
    </ClCompile>
    <ClCompile Include="C:\Users\steph\Desktop\singularity\singularity\indra\llmessage\lliohttpserver.cpp">
      <Filter>Source Files</Filter>
    </ClCompile>
    <ClCompile Include="C:\Users\steph\Desktop\singularity\singularity\indra\llmessage\lliopipe.cpp">
      <Filter>Source Files</Filter>
    </ClCompile>
    <ClCompile Include="C:\Users\steph\Desktop\singularity\singularity\indra\llmessage\lliosocket.cpp">
      <Filter>Source Files</Filter>
    </ClCompile>
    <ClCompile Include="C:\Users\steph\Desktop\singularity\singularity\indra\llmessage\llioutil.cpp">
      <Filter>Source Files</Filter>
    </ClCompile>
    <ClCompile Include="C:\Users\steph\Desktop\singularity\singularity\indra\llmessage\llmail.cpp">
      <Filter>Source Files</Filter>
    </ClCompile>
    <ClCompile Include="C:\Users\steph\Desktop\singularity\singularity\indra\llmessage\llmessagebuilder.cpp">
      <Filter>Source Files</Filter>
    </ClCompile>
    <ClCompile Include="C:\Users\steph\Desktop\singularity\singularity\indra\llmessage\llmessageconfig.cpp">
      <Filter>Source Files</Filter>
    </ClCompile>
    <ClCompile Include="C:\Users\steph\Desktop\singularity\singularity\indra\llmessage\llmessagelog.cpp">
      <Filter>Source Files</Filter>
    </ClCompile>
    <ClCompile Include="C:\Users\steph\Desktop\singularity\singularity\indra\llmessage\llmessagereader.cpp">
      <Filter>Source Files</Filter>
    </ClCompile>
    <ClCompile Include="C:\Users\steph\Desktop\singularity\singularity\indra\llmessage\llmessagetemplate.cpp">
      <Filter>Source Files</Filter>
    </ClCompile>
    <ClCompile Include="C:\Users\steph\Desktop\singularity\singularity\indra\llmessage\llmessagetemplateparser.cpp">
      <Filter>Source Files</Filter>
    </ClCompile>
    <ClCompile Include="C:\Users\steph\Desktop\singularity\singularity\indra\llmessage\llmessagethrottle.cpp">
      <Filter>Source Files</Filter>
    </ClCompile>
    <ClCompile Include="C:\Users\steph\Desktop\singularity\singularity\indra\llmessage\llmime.cpp">
      <Filter>Source Files</Filter>
    </ClCompile>
    <ClCompile Include="C:\Users\steph\Desktop\singularity\singularity\indra\llmessage\llnamevalue.cpp">
      <Filter>Source Files</Filter>
    </ClCompile>
    <ClCompile Include="C:\Users\steph\Desktop\singularity\singularity\indra\llmessage\llnullcipher.cpp">
      <Filter>Source Files</Filter>
    </ClCompile>
    <ClCompile Include="C:\Users\steph\Desktop\singularity\singularity\indra\llmessage\llpacketack.cpp">
      <Filter>Source Files</Filter>
    </ClCompile>
    <ClCompile Include="C:\Users\steph\Desktop\singularity\singularity\indra\llmessage\llpacketbuffer.cpp">
      <Filter>Source Files</Filter>
    </ClCompile>
    <ClCompile Include="C:\Users\steph\Desktop\singularity\singularity\indra\llmessage\llpacketring.cpp">
      <Filter>Source Files</Filter>
    </ClCompile>
    <ClCompile Include="C:\Users\steph\Desktop\singularity\singularity\indra\llmessage\llpartdata.cpp">
      <Filter>Source Files</Filter>
    </ClCompile>
    <ClCompile Include="C:\Users\steph\Desktop\singularity\singularity\indra\llmessage\llproxy.cpp">
      <Filter>Source Files</Filter>
    </ClCompile>
    <ClCompile Include="C:\Users\steph\Desktop\singularity\singularity\indra\llmessage\llpumpio.cpp">
      <Filter>Source Files</Filter>
    </ClCompile>
    <ClCompile Include="C:\Users\steph\Desktop\singularity\singularity\indra\llmessage\llsdappservices.cpp">
      <Filter>Source Files</Filter>
    </ClCompile>
    <ClCompile Include="C:\Users\steph\Desktop\singularity\singularity\indra\llmessage\llsdhttpserver.cpp">
      <Filter>Source Files</Filter>
    </ClCompile>
    <ClCompile Include="C:\Users\steph\Desktop\singularity\singularity\indra\llmessage\llsdmessage.cpp">
      <Filter>Source Files</Filter>
    </ClCompile>
    <ClCompile Include="C:\Users\steph\Desktop\singularity\singularity\indra\llmessage\llsdmessagebuilder.cpp">
      <Filter>Source Files</Filter>
    </ClCompile>
    <ClCompile Include="C:\Users\steph\Desktop\singularity\singularity\indra\llmessage\llsdmessagereader.cpp">
      <Filter>Source Files</Filter>
    </ClCompile>
    <ClCompile Include="C:\Users\steph\Desktop\singularity\singularity\indra\llmessage\llstoredmessage.cpp">
      <Filter>Source Files</Filter>
    </ClCompile>
    <ClCompile Include="C:\Users\steph\Desktop\singularity\singularity\indra\llmessage\lltemplatemessagebuilder.cpp">
      <Filter>Source Files</Filter>
    </ClCompile>
    <ClCompile Include="C:\Users\steph\Desktop\singularity\singularity\indra\llmessage\lltemplatemessagedispatcher.cpp">
      <Filter>Source Files</Filter>
    </ClCompile>
    <ClCompile Include="C:\Users\steph\Desktop\singularity\singularity\indra\llmessage\lltemplatemessagereader.cpp">
      <Filter>Source Files</Filter>
    </ClCompile>
    <ClCompile Include="C:\Users\steph\Desktop\singularity\singularity\indra\llmessage\llthrottle.cpp">
      <Filter>Source Files</Filter>
    </ClCompile>
    <ClCompile Include="C:\Users\steph\Desktop\singularity\singularity\indra\llmessage\lltransfermanager.cpp">
      <Filter>Source Files</Filter>
    </ClCompile>
    <ClCompile Include="C:\Users\steph\Desktop\singularity\singularity\indra\llmessage\lltransfersourceasset.cpp">
      <Filter>Source Files</Filter>
    </ClCompile>
    <ClCompile Include="C:\Users\steph\Desktop\singularity\singularity\indra\llmessage\lltransfersourcefile.cpp">
      <Filter>Source Files</Filter>
    </ClCompile>
    <ClCompile Include="C:\Users\steph\Desktop\singularity\singularity\indra\llmessage\lltransfertargetfile.cpp">
      <Filter>Source Files</Filter>
    </ClCompile>
    <ClCompile Include="C:\Users\steph\Desktop\singularity\singularity\indra\llmessage\lltransfertargetvfile.cpp">
      <Filter>Source Files</Filter>
    </ClCompile>
    <ClCompile Include="C:\Users\steph\Desktop\singularity\singularity\indra\llmessage\lltrustedmessageservice.cpp">
      <Filter>Source Files</Filter>
    </ClCompile>
    <ClCompile Include="C:\Users\steph\Desktop\singularity\singularity\indra\llmessage\llurlrequest.cpp">
      <Filter>Source Files</Filter>
    </ClCompile>
    <ClCompile Include="C:\Users\steph\Desktop\singularity\singularity\indra\llmessage\lluseroperation.cpp">
      <Filter>Source Files</Filter>
    </ClCompile>
    <ClCompile Include="C:\Users\steph\Desktop\singularity\singularity\indra\llmessage\llxfer.cpp">
      <Filter>Source Files</Filter>
    </ClCompile>
    <ClCompile Include="C:\Users\steph\Desktop\singularity\singularity\indra\llmessage\llxfer_file.cpp">
      <Filter>Source Files</Filter>
    </ClCompile>
    <ClCompile Include="C:\Users\steph\Desktop\singularity\singularity\indra\llmessage\llxfer_mem.cpp">
      <Filter>Source Files</Filter>
    </ClCompile>
    <ClCompile Include="C:\Users\steph\Desktop\singularity\singularity\indra\llmessage\llxfer_vfile.cpp">
      <Filter>Source Files</Filter>
    </ClCompile>
    <ClCompile Include="C:\Users\steph\Desktop\singularity\singularity\indra\llmessage\llxfermanager.cpp">
      <Filter>Source Files</Filter>
    </ClCompile>
    <ClCompile Include="C:\Users\steph\Desktop\singularity\singularity\indra\llmessage\llxorcipher.cpp">
      <Filter>Source Files</Filter>
    </ClCompile>
    <ClCompile Include="C:\Users\steph\Desktop\singularity\singularity\indra\llmessage\machine.cpp">
      <Filter>Source Files</Filter>
    </ClCompile>
    <ClCompile Include="C:\Users\steph\Desktop\singularity\singularity\indra\llmessage\message.cpp">
      <Filter>Source Files</Filter>
    </ClCompile>
    <ClCompile Include="C:\Users\steph\Desktop\singularity\singularity\indra\llmessage\message_prehash.cpp">
      <Filter>Source Files</Filter>
    </ClCompile>
    <ClCompile Include="C:\Users\steph\Desktop\singularity\singularity\indra\llmessage\message_string_table.cpp">
      <Filter>Source Files</Filter>
    </ClCompile>
    <ClCompile Include="C:\Users\steph\Desktop\singularity\singularity\indra\llmessage\net.cpp">
      <Filter>Source Files</Filter>
    </ClCompile>
    <ClCompile Include="C:\Users\steph\Desktop\singularity\singularity\indra\llmessage\patch_code.cpp">
      <Filter>Source Files</Filter>
    </ClCompile>
    <ClCompile Include="C:\Users\steph\Desktop\singularity\singularity\indra\llmessage\patch_dct.cpp">
      <Filter>Source Files</Filter>
    </ClCompile>
    <ClCompile Include="C:\Users\steph\Desktop\singularity\singularity\indra\llmessage\patch_idct.cpp">
      <Filter>Source Files</Filter>
    </ClCompile>
    <ClCompile Include="C:\Users\steph\Desktop\singularity\singularity\indra\llmessage\sound_ids.cpp">
      <Filter>Source Files</Filter>
    </ClCompile>
  </ItemGroup>
  <ItemGroup>
    <ClInclude Include="C:\Users\steph\Desktop\singularity\singularity\indra\llmessage\aiaverage.h">
      <Filter>Header Files</Filter>
    </ClInclude>
    <ClInclude Include="C:\Users\steph\Desktop\singularity\singularity\indra\llmessage\aicurl.h">
      <Filter>Header Files</Filter>
    </ClInclude>
    <ClInclude Include="C:\Users\steph\Desktop\singularity\singularity\indra\llmessage\aicurleasyrequeststatemachine.h">
      <Filter>Header Files</Filter>
    </ClInclude>
    <ClInclude Include="C:\Users\steph\Desktop\singularity\singularity\indra\llmessage\aicurlperservice.h">
      <Filter>Header Files</Filter>
    </ClInclude>
    <ClInclude Include="C:\Users\steph\Desktop\singularity\singularity\indra\llmessage\aicurlprivate.h">
      <Filter>Header Files</Filter>
    </ClInclude>
    <ClInclude Include="C:\Users\steph\Desktop\singularity\singularity\indra\llmessage\aicurlthread.h">
      <Filter>Header Files</Filter>
    </ClInclude>
    <ClInclude Include="C:\Users\steph\Desktop\singularity\singularity\indra\llmessage\aicurltimer.h">
      <Filter>Header Files</Filter>
    </ClInclude>
    <ClInclude Include="C:\Users\steph\Desktop\singularity\singularity\indra\llmessage\aihttpheaders.h">
      <Filter>Header Files</Filter>
    </ClInclude>
    <ClInclude Include="C:\Users\steph\Desktop\singularity\singularity\indra\llmessage\aihttptimeout.h">
      <Filter>Header Files</Filter>
    </ClInclude>
    <ClInclude Include="C:\Users\steph\Desktop\singularity\singularity\indra\llmessage\aihttptimeoutpolicy.h">
      <Filter>Header Files</Filter>
    </ClInclude>
    <ClInclude Include="C:\Users\steph\Desktop\singularity\singularity\indra\llmessage\debug_libcurl.h">
      <Filter>Header Files</Filter>
    </ClInclude>
    <ClInclude Include="C:\Users\steph\Desktop\singularity\singularity\indra\llmessage\llares.h">
      <Filter>Header Files</Filter>
    </ClInclude>
    <ClInclude Include="C:\Users\steph\Desktop\singularity\singularity\indra\llmessage\llareslistener.h">
      <Filter>Header Files</Filter>
    </ClInclude>
    <ClInclude Include="C:\Users\steph\Desktop\singularity\singularity\indra\llmessage\llassetstorage.h">
      <Filter>Header Files</Filter>
    </ClInclude>
    <ClInclude Include="C:\Users\steph\Desktop\singularity\singularity\indra\llmessage\llavatarname.h">
      <Filter>Header Files</Filter>
    </ClInclude>
    <ClInclude Include="C:\Users\steph\Desktop\singularity\singularity\indra\llmessage\llavatarnamecache.h">
      <Filter>Header Files</Filter>
    </ClInclude>
    <ClInclude Include="C:\Users\steph\Desktop\singularity\singularity\indra\llmessage\llblowfishcipher.h">
      <Filter>Header Files</Filter>
    </ClInclude>
    <ClInclude Include="C:\Users\steph\Desktop\singularity\singularity\indra\llmessage\llbuffer.h">
      <Filter>Header Files</Filter>
    </ClInclude>
    <ClInclude Include="C:\Users\steph\Desktop\singularity\singularity\indra\llmessage\llbufferstream.h">
      <Filter>Header Files</Filter>
    </ClInclude>
    <ClInclude Include="C:\Users\steph\Desktop\singularity\singularity\indra\llmessage\llcachename.h">
      <Filter>Header Files</Filter>
    </ClInclude>
    <ClInclude Include="C:\Users\steph\Desktop\singularity\singularity\indra\llmessage\llchainio.h">
      <Filter>Header Files</Filter>
    </ClInclude>
    <ClInclude Include="C:\Users\steph\Desktop\singularity\singularity\indra\llmessage\llcipher.h">
      <Filter>Header Files</Filter>
    </ClInclude>
    <ClInclude Include="C:\Users\steph\Desktop\singularity\singularity\indra\llmessage\llcircuit.h">
      <Filter>Header Files</Filter>
    </ClInclude>
    <ClInclude Include="C:\Users\steph\Desktop\singularity\singularity\indra\llmessage\llclassifiedflags.h">
      <Filter>Header Files</Filter>
    </ClInclude>
    <ClInclude Include="C:\Users\steph\Desktop\singularity\singularity\indra\llmessage\llcurl.h">
      <Filter>Header Files</Filter>
    </ClInclude>
    <ClInclude Include="C:\Users\steph\Desktop\singularity\singularity\indra\llmessage\lldatapacker.h">
      <Filter>Header Files</Filter>
    </ClInclude>
    <ClInclude Include="C:\Users\steph\Desktop\singularity\singularity\indra\llmessage\lldbstrings.h">
      <Filter>Header Files</Filter>
    </ClInclude>
    <ClInclude Include="C:\Users\steph\Desktop\singularity\singularity\indra\llmessage\lldispatcher.h">
      <Filter>Header Files</Filter>
    </ClInclude>
    <ClInclude Include="C:\Users\steph\Desktop\singularity\singularity\indra\llmessage\lleventflags.h">
      <Filter>Header Files</Filter>
    </ClInclude>
    <ClInclude Include="C:\Users\steph\Desktop\singularity\singularity\indra\llmessage\llfiltersd2xmlrpc.h">
      <Filter>Header Files</Filter>
    </ClInclude>
    <ClInclude Include="C:\Users\steph\Desktop\singularity\singularity\indra\llmessage\llfollowcamparams.h">
      <Filter>Header Files</Filter>
    </ClInclude>
    <ClInclude Include="C:\Users\steph\Desktop\singularity\singularity\indra\llmessage\llhost.h">
      <Filter>Header Files</Filter>
    </ClInclude>
    <ClInclude Include="C:\Users\steph\Desktop\singularity\singularity\indra\llmessage\llhttpclient.h">
      <Filter>Header Files</Filter>
    </ClInclude>
    <ClInclude Include="C:\Users\steph\Desktop\singularity\singularity\indra\llmessage\llhttpnode.h">
      <Filter>Header Files</Filter>
    </ClInclude>
    <ClInclude Include="C:\Users\steph\Desktop\singularity\singularity\indra\llmessage\llhttpnodeadapter.h">
      <Filter>Header Files</Filter>
    </ClInclude>
    <ClInclude Include="C:\Users\steph\Desktop\singularity\singularity\indra\llmessage\llhttpsender.h">
      <Filter>Header Files</Filter>
    </ClInclude>
    <ClInclude Include="C:\Users\steph\Desktop\singularity\singularity\indra\llmessage\llinstantmessage.h">
      <Filter>Header Files</Filter>
    </ClInclude>
    <ClInclude Include="C:\Users\steph\Desktop\singularity\singularity\indra\llmessage\llinvite.h">
      <Filter>Header Files</Filter>
    </ClInclude>
    <ClInclude Include="C:\Users\steph\Desktop\singularity\singularity\indra\llmessage\lliobuffer.h">
      <Filter>Header Files</Filter>
    </ClInclude>
    <ClInclude Include="C:\Users\steph\Desktop\singularity\singularity\indra\llmessage\lliohttpserver.h">
      <Filter>Header Files</Filter>
    </ClInclude>
    <ClInclude Include="C:\Users\steph\Desktop\singularity\singularity\indra\llmessage\lliopipe.h">
      <Filter>Header Files</Filter>
    </ClInclude>
    <ClInclude Include="C:\Users\steph\Desktop\singularity\singularity\indra\llmessage\lliosocket.h">
      <Filter>Header Files</Filter>
    </ClInclude>
    <ClInclude Include="C:\Users\steph\Desktop\singularity\singularity\indra\llmessage\llioutil.h">
      <Filter>Header Files</Filter>
    </ClInclude>
    <ClInclude Include="C:\Users\steph\Desktop\singularity\singularity\indra\llmessage\llloginflags.h">
      <Filter>Header Files</Filter>
    </ClInclude>
    <ClInclude Include="C:\Users\steph\Desktop\singularity\singularity\indra\llmessage\llmail.h">
      <Filter>Header Files</Filter>
    </ClInclude>
    <ClInclude Include="C:\Users\steph\Desktop\singularity\singularity\indra\llmessage\llmessagebuilder.h">
      <Filter>Header Files</Filter>
    </ClInclude>
    <ClInclude Include="C:\Users\steph\Desktop\singularity\singularity\indra\llmessage\llmessageconfig.h">
      <Filter>Header Files</Filter>
    </ClInclude>
    <ClInclude Include="C:\Users\steph\Desktop\singularity\singularity\indra\llmessage\llmessagelog.h">
      <Filter>Header Files</Filter>
    </ClInclude>
    <ClInclude Include="C:\Users\steph\Desktop\singularity\singularity\indra\llmessage\llmessagereader.h">
      <Filter>Header Files</Filter>
    </ClInclude>
    <ClInclude Include="C:\Users\steph\Desktop\singularity\singularity\indra\llmessage\llmessagetemplate.h">
      <Filter>Header Files</Filter>
    </ClInclude>
    <ClInclude Include="C:\Users\steph\Desktop\singularity\singularity\indra\llmessage\llmessagetemplateparser.h">
      <Filter>Header Files</Filter>
    </ClInclude>
    <ClInclude Include="C:\Users\steph\Desktop\singularity\singularity\indra\llmessage\llmessagethrottle.h">
      <Filter>Header Files</Filter>
    </ClInclude>
    <ClInclude Include="C:\Users\steph\Desktop\singularity\singularity\indra\llmessage\llmime.h">
      <Filter>Header Files</Filter>
    </ClInclude>
    <ClInclude Include="C:\Users\steph\Desktop\singularity\singularity\indra\llmessage\llmsgvariabletype.h">
      <Filter>Header Files</Filter>
    </ClInclude>
    <ClInclude Include="C:\Users\steph\Desktop\singularity\singularity\indra\llmessage\llnamevalue.h">
      <Filter>Header Files</Filter>
    </ClInclude>
    <ClInclude Include="C:\Users\steph\Desktop\singularity\singularity\indra\llmessage\llnullcipher.h">
      <Filter>Header Files</Filter>
    </ClInclude>
    <ClInclude Include="C:\Users\steph\Desktop\singularity\singularity\indra\llmessage\llpacketack.h">
      <Filter>Header Files</Filter>
    </ClInclude>
    <ClInclude Include="C:\Users\steph\Desktop\singularity\singularity\indra\llmessage\llpacketbuffer.h">
      <Filter>Header Files</Filter>
    </ClInclude>
    <ClInclude Include="C:\Users\steph\Desktop\singularity\singularity\indra\llmessage\llpacketring.h">
      <Filter>Header Files</Filter>
    </ClInclude>
    <ClInclude Include="C:\Users\steph\Desktop\singularity\singularity\indra\llmessage\llpartdata.h">
      <Filter>Header Files</Filter>
    </ClInclude>
    <ClInclude Include="C:\Users\steph\Desktop\singularity\singularity\indra\llmessage\llproxy.h">
      <Filter>Header Files</Filter>
    </ClInclude>
    <ClInclude Include="C:\Users\steph\Desktop\singularity\singularity\indra\llmessage\llpumpio.h">
      <Filter>Header Files</Filter>
    </ClInclude>
    <ClInclude Include="C:\Users\steph\Desktop\singularity\singularity\indra\llmessage\llqueryflags.h">
      <Filter>Header Files</Filter>
    </ClInclude>
    <ClInclude Include="C:\Users\steph\Desktop\singularity\singularity\indra\llmessage\llregionflags.h">
      <Filter>Header Files</Filter>
    </ClInclude>
    <ClInclude Include="C:\Users\steph\Desktop\singularity\singularity\indra\llmessage\llregionhandle.h">
      <Filter>Header Files</Filter>
    </ClInclude>
    <ClInclude Include="C:\Users\steph\Desktop\singularity\singularity\indra\llmessage\llsdappservices.h">
      <Filter>Header Files</Filter>
    </ClInclude>
    <ClInclude Include="C:\Users\steph\Desktop\singularity\singularity\indra\llmessage\llsdhttpserver.h">
      <Filter>Header Files</Filter>
    </ClInclude>
    <ClInclude Include="C:\Users\steph\Desktop\singularity\singularity\indra\llmessage\llsdmessage.h">
      <Filter>Header Files</Filter>
    </ClInclude>
    <ClInclude Include="C:\Users\steph\Desktop\singularity\singularity\indra\llmessage\llsdmessagebuilder.h">
      <Filter>Header Files</Filter>
    </ClInclude>
    <ClInclude Include="C:\Users\steph\Desktop\singularity\singularity\indra\llmessage\llsdmessagereader.h">
      <Filter>Header Files</Filter>
    </ClInclude>
    <ClInclude Include="C:\Users\steph\Desktop\singularity\singularity\indra\llmessage\llstoredmessage.h">
      <Filter>Header Files</Filter>
    </ClInclude>
    <ClInclude Include="C:\Users\steph\Desktop\singularity\singularity\indra\llmessage\lltaskname.h">
      <Filter>Header Files</Filter>
    </ClInclude>
    <ClInclude Include="C:\Users\steph\Desktop\singularity\singularity\indra\llmessage\llteleportflags.h">
      <Filter>Header Files</Filter>
    </ClInclude>
    <ClInclude Include="C:\Users\steph\Desktop\singularity\singularity\indra\llmessage\lltemplatemessagebuilder.h">
      <Filter>Header Files</Filter>
    </ClInclude>
    <ClInclude Include="C:\Users\steph\Desktop\singularity\singularity\indra\llmessage\lltemplatemessagedispatcher.h">
      <Filter>Header Files</Filter>
    </ClInclude>
    <ClInclude Include="C:\Users\steph\Desktop\singularity\singularity\indra\llmessage\lltemplatemessagereader.h">
      <Filter>Header Files</Filter>
    </ClInclude>
    <ClInclude Include="C:\Users\steph\Desktop\singularity\singularity\indra\llmessage\llthrottle.h">
      <Filter>Header Files</Filter>
    </ClInclude>
    <ClInclude Include="C:\Users\steph\Desktop\singularity\singularity\indra\llmessage\lltransfermanager.h">
      <Filter>Header Files</Filter>
    </ClInclude>
    <ClInclude Include="C:\Users\steph\Desktop\singularity\singularity\indra\llmessage\lltransfersourceasset.h">
      <Filter>Header Files</Filter>
    </ClInclude>
    <ClInclude Include="C:\Users\steph\Desktop\singularity\singularity\indra\llmessage\lltransfersourcefile.h">
      <Filter>Header Files</Filter>
    </ClInclude>
    <ClInclude Include="C:\Users\steph\Desktop\singularity\singularity\indra\llmessage\lltransfertargetfile.h">
      <Filter>Header Files</Filter>
    </ClInclude>
    <ClInclude Include="C:\Users\steph\Desktop\singularity\singularity\indra\llmessage\lltransfertargetvfile.h">
      <Filter>Header Files</Filter>
    </ClInclude>
    <ClInclude Include="C:\Users\steph\Desktop\singularity\singularity\indra\llmessage\lltrustedmessageservice.h">
      <Filter>Header Files</Filter>
    </ClInclude>
    <ClInclude Include="C:\Users\steph\Desktop\singularity\singularity\indra\llmessage\llurlrequest.h">
      <Filter>Header Files</Filter>
    </ClInclude>
    <ClInclude Include="C:\Users\steph\Desktop\singularity\singularity\indra\llmessage\lluseroperation.h">
      <Filter>Header Files</Filter>
    </ClInclude>
    <ClInclude Include="C:\Users\steph\Desktop\singularity\singularity\indra\llmessage\llvehicleparams.h">
      <Filter>Header Files</Filter>
    </ClInclude>
    <ClInclude Include="C:\Users\steph\Desktop\singularity\singularity\indra\llmessage\llxfer.h">
      <Filter>Header Files</Filter>
    </ClInclude>
    <ClInclude Include="C:\Users\steph\Desktop\singularity\singularity\indra\llmessage\llxfer_file.h">
      <Filter>Header Files</Filter>
    </ClInclude>
    <ClInclude Include="C:\Users\steph\Desktop\singularity\singularity\indra\llmessage\llxfer_mem.h">
      <Filter>Header Files</Filter>
    </ClInclude>
    <ClInclude Include="C:\Users\steph\Desktop\singularity\singularity\indra\llmessage\llxfer_vfile.h">
      <Filter>Header Files</Filter>
    </ClInclude>
    <ClInclude Include="C:\Users\steph\Desktop\singularity\singularity\indra\llmessage\llxfermanager.h">
      <Filter>Header Files</Filter>
    </ClInclude>
    <ClInclude Include="C:\Users\steph\Desktop\singularity\singularity\indra\llmessage\llxorcipher.h">
      <Filter>Header Files</Filter>
    </ClInclude>
    <ClInclude Include="C:\Users\steph\Desktop\singularity\singularity\indra\llmessage\machine.h">
      <Filter>Header Files</Filter>
    </ClInclude>
    <ClInclude Include="C:\Users\steph\Desktop\singularity\singularity\indra\llmessage\mean_collision_data.h">
      <Filter>Header Files</Filter>
    </ClInclude>
    <ClInclude Include="C:\Users\steph\Desktop\singularity\singularity\indra\llmessage\message.h">
      <Filter>Header Files</Filter>
    </ClInclude>
    <ClInclude Include="C:\Users\steph\Desktop\singularity\singularity\indra\llmessage\message_prehash.h">
      <Filter>Header Files</Filter>
    </ClInclude>
    <ClInclude Include="C:\Users\steph\Desktop\singularity\singularity\indra\llmessage\net.h">
      <Filter>Header Files</Filter>
    </ClInclude>
    <ClInclude Include="C:\Users\steph\Desktop\singularity\singularity\indra\llmessage\patch_code.h">
      <Filter>Header Files</Filter>
    </ClInclude>
    <ClInclude Include="C:\Users\steph\Desktop\singularity\singularity\indra\llmessage\patch_dct.h">
      <Filter>Header Files</Filter>
    </ClInclude>
    <ClInclude Include="C:\Users\steph\Desktop\singularity\singularity\indra\llmessage\sound_ids.h">
      <Filter>Header Files</Filter>
    </ClInclude>
  </ItemGroup>
  <ItemGroup>
    <CustomBuild Include="C:\Users\steph\Desktop\singularity\singularity\indra\llmessage\CMakeLists.txt" />
  </ItemGroup>
  <ItemGroup>
    <Filter Include="Source Files">
      <UniqueIdentifier>{D8612406-28B5-3B56-B0E4-23D1D3FF724D}</UniqueIdentifier>
    </Filter>
    <Filter Include="Header Files">
      <UniqueIdentifier>{910DB7EF-CA4B-3A92-89BE-08D2825FD589}</UniqueIdentifier>
    </Filter>
  </ItemGroup>
</Project>
